// !$*UTF8*$!
{
	archiveVersion = 1;
	classes = {
	};
	objectVersion = 46;
	objects = {

/* Begin PBXBuildFile section */
		5A1CC60A176F279300A6C154 /* TempAttributes in Resources */ = {isa = PBXBuildFile; fileRef = 78BCFF7F16D24E6800D23908 /* TempAttributes */; };
		5A930A26173A85E200B649FF /* SFXMLModelParser.plist in CopyFiles */ = {isa = PBXBuildFile; fileRef = B975790116B3FE9300AE855D /* SFXMLModelParser.plist */; };
		5AD1FC4F1766042200E67BC4 /* Cocoa.framework in Frameworks */ = {isa = PBXBuildFile; fileRef = 5AD1FC4E1766042200E67BC4 /* Cocoa.framework */; };
		7810087E16D24A8600BFDB8D /* SparkAttribute.xcodeproj in Resources */ = {isa = PBXBuildFile; fileRef = 7810087D16D24A8600BFDB8D /* SparkAttribute.xcodeproj */; };
		782B6D6816C3D4C10057DF2C /* SparkCore.framework in Frameworks */ = {isa = PBXBuildFile; fileRef = 782B6CE116C3D46A0057DF2C /* SparkCore.framework */; };
		782B6D6916C3D4C10057DF2C /* SparkReflection.framework in Frameworks */ = {isa = PBXBuildFile; fileRef = 782B6D3A16C3D46A0057DF2C /* SparkReflection.framework */; };
		782B6D6E16C3D4CF0057DF2C /* libSparkCore.a in Frameworks */ = {isa = PBXBuildFile; fileRef = 782B6CDF16C3D46A0057DF2C /* libSparkCore.a */; };
		782B6D6F16C3D4CF0057DF2C /* libSparkReflection.a in Frameworks */ = {isa = PBXBuildFile; fileRef = 782B6D3816C3D46A0057DF2C /* libSparkReflection.a */; };
		7837BB3E1648106700BA598B /* SFAttributedDecoder.m in Sources */ = {isa = PBXBuildFile; fileRef = 7895728B16380F73009D7417 /* SFAttributedDecoder.m */; };
		7837BB3F1648106B00BA598B /* SFAttributedCoder.m in Sources */ = {isa = PBXBuildFile; fileRef = 7895727F163808BB009D7417 /* SFAttributedCoder.m */; };
		7837BB411648107600BA598B /* SFSerializable.m in Sources */ = {isa = PBXBuildFile; fileRef = 7895728616380A33009D7417 /* SFSerializable.m */; };
		7837BB421648107900BA598B /* SFDerived.m in Sources */ = {isa = PBXBuildFile; fileRef = 78957290163828E1009D7417 /* SFDerived.m */; };
		7841617F16480C1D0089FDE9 /* SenTestingKit.framework in Frameworks */ = {isa = PBXBuildFile; fileRef = 7841617E16480C1D0089FDE9 /* SenTestingKit.framework */; };
		7841618916480C1E0089FDE9 /* InfoPlist.strings in Resources */ = {isa = PBXBuildFile; fileRef = 7841618716480C1E0089FDE9 /* InfoPlist.strings */; };
		784161AC16480CC40089FDE9 /* SFJSONStringHandlingTest.m in Sources */ = {isa = PBXBuildFile; fileRef = 784161AB16480CC40089FDE9 /* SFJSONStringHandlingTest.m */; };
		784161AD16480CC70089FDE9 /* NSJSONSerialization+JSONStringHandling.m in Sources */ = {isa = PBXBuildFile; fileRef = 786535571639648E00E86841 /* NSJSONSerialization+JSONStringHandling.m */; };
		78513E6D164921BF0049549A /* SFSerializationTestObject.m in Sources */ = {isa = PBXBuildFile; fileRef = 78513E6C164921BF0049549A /* SFSerializationTestObject.m */; };
		78513E701649220C0049549A /* SFAnnotatedCoderTest.m in Sources */ = {isa = PBXBuildFile; fileRef = 78513E6F1649220C0049549A /* SFAnnotatedCoderTest.m */; };
		786535581639648E00E86841 /* NSJSONSerialization+JSONStringHandling.h in Headers */ = {isa = PBXBuildFile; fileRef = 786535561639648E00E86841 /* NSJSONSerialization+JSONStringHandling.h */; settings = {ATTRIBUTES = (Public, ); }; };
		786535591639648E00E86841 /* NSJSONSerialization+JSONStringHandling.m in Sources */ = {isa = PBXBuildFile; fileRef = 786535571639648E00E86841 /* NSJSONSerialization+JSONStringHandling.m */; };
		7865355A1639648E00E86841 /* NSJSONSerialization+JSONStringHandling.m in Sources */ = {isa = PBXBuildFile; fileRef = 786535571639648E00E86841 /* NSJSONSerialization+JSONStringHandling.m */; };
		7865355B163969BB00E86841 /* NSJSONSerialization+JSONStringHandling.h in CopyFiles */ = {isa = PBXBuildFile; fileRef = 786535561639648E00E86841 /* NSJSONSerialization+JSONStringHandling.h */; };
		786995EC16AEC29000B28760 /* SFXMLParser.h in Headers */ = {isa = PBXBuildFile; fileRef = 786995E916AEC29000B28760 /* SFXMLParser.h */; settings = {ATTRIBUTES = (Public, ); }; };
		786995ED16AEC29000B28760 /* SFXMLParser.m in Sources */ = {isa = PBXBuildFile; fileRef = 786995EA16AEC29000B28760 /* SFXMLParser.m */; };
		786995EE16AEC29000B28760 /* SFXMLParsing.h in Headers */ = {isa = PBXBuildFile; fileRef = 786995EB16AEC29000B28760 /* SFXMLParsing.h */; settings = {ATTRIBUTES = (Public, ); }; };
		7869966116AED4C800B28760 /* SFXMLSpecificParser.h in Headers */ = {isa = PBXBuildFile; fileRef = 7869965F16AED4C800B28760 /* SFXMLSpecificParser.h */; settings = {ATTRIBUTES = (Public, ); }; };
		7869966216AED4C800B28760 /* SFXMLSpecificParser.m in Sources */ = {isa = PBXBuildFile; fileRef = 7869966016AED4C800B28760 /* SFXMLSpecificParser.m */; };
		7869966316AED4C800B28760 /* SFXMLSpecificParser.m in Sources */ = {isa = PBXBuildFile; fileRef = 7869966016AED4C800B28760 /* SFXMLSpecificParser.m */; };
		7869966416AED4C800B28760 /* SFXMLSpecificParser.m in Sources */ = {isa = PBXBuildFile; fileRef = 7869966016AED4C800B28760 /* SFXMLSpecificParser.m */; };
		7869967216AEE3A800B28760 /* SFXMLElement.h in Headers */ = {isa = PBXBuildFile; fileRef = 7869967016AEE3A800B28760 /* SFXMLElement.h */; settings = {ATTRIBUTES = (Public, ); }; };
		7869967316AEE3A800B28760 /* SFXMLElement.m in Sources */ = {isa = PBXBuildFile; fileRef = 7869967116AEE3A800B28760 /* SFXMLElement.m */; };
		7869967416AEE3A800B28760 /* SFXMLElement.m in Sources */ = {isa = PBXBuildFile; fileRef = 7869967116AEE3A800B28760 /* SFXMLElement.m */; };
		7869967516AEE3A800B28760 /* SFXMLElement.m in Sources */ = {isa = PBXBuildFile; fileRef = 7869967116AEE3A800B28760 /* SFXMLElement.m */; };
		786996B816AFF27900B28760 /* SFXMLParsingTest.m in Sources */ = {isa = PBXBuildFile; fileRef = 786996B716AFF27900B28760 /* SFXMLParsingTest.m */; };
		786996B916B0078700B28760 /* SFXMLParser.m in Sources */ = {isa = PBXBuildFile; fileRef = 786995EA16AEC29000B28760 /* SFXMLParser.m */; };
		786996BA16B0078800B28760 /* SFXMLParser.m in Sources */ = {isa = PBXBuildFile; fileRef = 786995EA16AEC29000B28760 /* SFXMLParser.m */; };
		78957280163808BB009D7417 /* SFAttributedCoder.h in Headers */ = {isa = PBXBuildFile; fileRef = 7895727E163808BB009D7417 /* SFAttributedCoder.h */; settings = {ATTRIBUTES = (Public, ); }; };
		78957281163808BB009D7417 /* SFAttributedCoder.m in Sources */ = {isa = PBXBuildFile; fileRef = 7895727F163808BB009D7417 /* SFAttributedCoder.m */; };
		78957282163808BB009D7417 /* SFAttributedCoder.m in Sources */ = {isa = PBXBuildFile; fileRef = 7895727F163808BB009D7417 /* SFAttributedCoder.m */; };
		7895728716380A33009D7417 /* SFSerializable.h in Headers */ = {isa = PBXBuildFile; fileRef = 7895728516380A33009D7417 /* SFSerializable.h */; settings = {ATTRIBUTES = (Public, ); }; };
		7895728816380A33009D7417 /* SFSerializable.m in Sources */ = {isa = PBXBuildFile; fileRef = 7895728616380A33009D7417 /* SFSerializable.m */; };
		7895728916380A33009D7417 /* SFSerializable.m in Sources */ = {isa = PBXBuildFile; fileRef = 7895728616380A33009D7417 /* SFSerializable.m */; };
		7895728C16380F73009D7417 /* SFAttributedDecoder.h in Headers */ = {isa = PBXBuildFile; fileRef = 7895728A16380F73009D7417 /* SFAttributedDecoder.h */; settings = {ATTRIBUTES = (Public, ); }; };
		7895728D16380F73009D7417 /* SFAttributedDecoder.m in Sources */ = {isa = PBXBuildFile; fileRef = 7895728B16380F73009D7417 /* SFAttributedDecoder.m */; };
		7895728E16380F73009D7417 /* SFAttributedDecoder.m in Sources */ = {isa = PBXBuildFile; fileRef = 7895728B16380F73009D7417 /* SFAttributedDecoder.m */; };
		78957291163828E1009D7417 /* SFDerived.h in Headers */ = {isa = PBXBuildFile; fileRef = 7895728F163828E1009D7417 /* SFDerived.h */; settings = {ATTRIBUTES = (Public, ); }; };
		78957292163828E1009D7417 /* SFDerived.m in Sources */ = {isa = PBXBuildFile; fileRef = 78957290163828E1009D7417 /* SFDerived.m */; };
		78957293163828E1009D7417 /* SFDerived.m in Sources */ = {isa = PBXBuildFile; fileRef = 78957290163828E1009D7417 /* SFDerived.m */; };
		7895729416382AEB009D7417 /* SFAttributedDecoder.h in CopyFiles */ = {isa = PBXBuildFile; fileRef = 7895728A16380F73009D7417 /* SFAttributedDecoder.h */; };
		7895729516382AEE009D7417 /* SFAttributedCoder.h in CopyFiles */ = {isa = PBXBuildFile; fileRef = 7895727E163808BB009D7417 /* SFAttributedCoder.h */; };
		7895729616382B06009D7417 /* SFSerializable.h in CopyFiles */ = {isa = PBXBuildFile; fileRef = 7895728516380A33009D7417 /* SFSerializable.h */; };
		7895729716382B08009D7417 /* SFDerived.h in CopyFiles */ = {isa = PBXBuildFile; fileRef = 7895728F163828E1009D7417 /* SFDerived.h */; };
		78B2476916D24AC000AFFDEE /* libSparkAttribute.a in Frameworks */ = {isa = PBXBuildFile; fileRef = 78B2475E16D24AA100AFFDEE /* libSparkAttribute.a */; };
		78B2476C16D24AC800AFFDEE /* SparkAttribute.framework in Frameworks */ = {isa = PBXBuildFile; fileRef = 78B2476016D24AA100AFFDEE /* SparkAttribute.framework */; };
		78BCAECC16B674E7009EF466 /* SFXMLParser.h in CopyFiles */ = {isa = PBXBuildFile; fileRef = 786995E916AEC29000B28760 /* SFXMLParser.h */; };
		78BCAECD16B674E7009EF466 /* SFXMLParser+ParseDelegation.h in CopyFiles */ = {isa = PBXBuildFile; fileRef = B97578F916B3DE1B00AE855D /* SFXMLParser+ParseDelegation.h */; };
		78BCAECE16B674E7009EF466 /* SFXMLSpecificParser.h in CopyFiles */ = {isa = PBXBuildFile; fileRef = 7869965F16AED4C800B28760 /* SFXMLSpecificParser.h */; };
		78BCAECF16B674E7009EF466 /* SFXMLParsing.h in CopyFiles */ = {isa = PBXBuildFile; fileRef = 786995EB16AEC29000B28760 /* SFXMLParsing.h */; };
		78BCAED016B674E7009EF466 /* SFXMLElement.h in CopyFiles */ = {isa = PBXBuildFile; fileRef = 7869967016AEE3A800B28760 /* SFXMLElement.h */; };
		78BCAED116B674E7009EF466 /* SFEntityElement.h in CopyFiles */ = {isa = PBXBuildFile; fileRef = B97578CB16B3DC7C00AE855D /* SFEntityElement.h */; };
		78BCAED216B674E7009EF466 /* SFPropertyElement.h in CopyFiles */ = {isa = PBXBuildFile; fileRef = B97578CD16B3DC7C00AE855D /* SFPropertyElement.h */; };
		78BCAED316B674E7009EF466 /* SFRelationshipElement.h in CopyFiles */ = {isa = PBXBuildFile; fileRef = B97578CF16B3DC7C00AE855D /* SFRelationshipElement.h */; };
		78BCAED416B674E7009EF466 /* SFXMLEntityParser.h in CopyFiles */ = {isa = PBXBuildFile; fileRef = B97578D216B3DC7C00AE855D /* SFXMLEntityParser.h */; };
		78BCAED516B674E7009EF466 /* SFXMLRelationshipParser.h in CopyFiles */ = {isa = PBXBuildFile; fileRef = B97578D416B3DC7C00AE855D /* SFXMLRelationshipParser.h */; };
		78BCAED616B674E7009EF466 /* SFXMLRelationshipPropertyParser.h in CopyFiles */ = {isa = PBXBuildFile; fileRef = B97578D616B3DC7C00AE855D /* SFXMLRelationshipPropertyParser.h */; };
		78BCAED716B674E7009EF466 /* SFXMLModelParser.h in CopyFiles */ = {isa = PBXBuildFile; fileRef = B97578D816B3DC7C00AE855D /* SFXMLModelParser.h */; };
		78CBA92B16C3D41800DAC9BB /* SparkCore.xcodeproj in Resources */ = {isa = PBXBuildFile; fileRef = 78CBA92916C3D41800DAC9BB /* SparkCore.xcodeproj */; };
		78CBA92D16C3D41800DAC9BB /* SparkReflection.xcodeproj in Resources */ = {isa = PBXBuildFile; fileRef = 78CBA92A16C3D41800DAC9BB /* SparkReflection.xcodeproj */; };
		78DD732B164A6305009B334C /* SFSerializableCollection.h in Headers */ = {isa = PBXBuildFile; fileRef = 78DD7329164A6305009B334C /* SFSerializableCollection.h */; settings = {ATTRIBUTES = (Public, ); }; };
		78DD732C164A6305009B334C /* SFSerializableCollection.m in Sources */ = {isa = PBXBuildFile; fileRef = 78DD732A164A6305009B334C /* SFSerializableCollection.m */; };
		78DD732D164A6305009B334C /* SFSerializableCollection.m in Sources */ = {isa = PBXBuildFile; fileRef = 78DD732A164A6305009B334C /* SFSerializableCollection.m */; };
		78DD732E164A6305009B334C /* SFSerializableCollection.m in Sources */ = {isa = PBXBuildFile; fileRef = 78DD732A164A6305009B334C /* SFSerializableCollection.m */; };
		78DD732F164A6553009B334C /* SFSerializableCollection.h in CopyFiles */ = {isa = PBXBuildFile; fileRef = 78DD7329164A6305009B334C /* SFSerializableCollection.h */; };
		835B6C71175628D50072765C /* libz.dylib in Frameworks */ = {isa = PBXBuildFile; fileRef = 835B6C70175628D50072765C /* libz.dylib */; };
		83A36B2F1798205000449C0C /* SFSerializableDate.m in Sources */ = {isa = PBXBuildFile; fileRef = 83A36B2E1798205000449C0C /* SFSerializableDate.m */; };
		83A36B3517982A0B00449C0C /* SFSerializableDate.h in Headers */ = {isa = PBXBuildFile; fileRef = 83A36B2D1798205000449C0C /* SFSerializableDate.h */; settings = {ATTRIBUTES = (Public, ); }; };
		83A36B3617982A1600449C0C /* SFSerializableDate.m in Sources */ = {isa = PBXBuildFile; fileRef = 83A36B2E1798205000449C0C /* SFSerializableDate.m */; };
		83A36B3717982A1600449C0C /* SFSerializableDate.m in Sources */ = {isa = PBXBuildFile; fileRef = 83A36B2E1798205000449C0C /* SFSerializableDate.m */; };
		83A36B3817982C1E00449C0C /* SFSerializableDate.h in CopyFiles */ = {isa = PBXBuildFile; fileRef = 83A36B2D1798205000449C0C /* SFSerializableDate.h */; };
		83BEEF711744EAB50095BD53 /* DeserialisationTest.json in Resources */ = {isa = PBXBuildFile; fileRef = 83BEEF701744EAB50095BD53 /* DeserialisationTest.json */; };
		9F80CD5C15F64EEE0031BA24 /* SparkSerialization.h in Headers */ = {isa = PBXBuildFile; fileRef = 9F80CD5B15F64EEE0031BA24 /* SparkSerialization.h */; settings = {ATTRIBUTES = (Public, ); }; };
		9F80CD8215F64F500031BA24 /* SparkSerialization.h in CopyFiles */ = {isa = PBXBuildFile; fileRef = 9F80CD5B15F64EEE0031BA24 /* SparkSerialization.h */; };
		9FA9F4E015F636C500FDE9E0 /* InfoPlist.strings in Resources */ = {isa = PBXBuildFile; fileRef = 9FA9F4DE15F636C500FDE9E0 /* InfoPlist.strings */; };
		B915ADD216B5A77700EB8D01 /* SFViewElement.h in Headers */ = {isa = PBXBuildFile; fileRef = B915ADD016B5A77700EB8D01 /* SFViewElement.h */; settings = {ATTRIBUTES = (Public, ); }; };
		B915ADD316B5A77700EB8D01 /* SFViewElement.m in Sources */ = {isa = PBXBuildFile; fileRef = B915ADD116B5A77700EB8D01 /* SFViewElement.m */; };
		B915ADD416B5A77700EB8D01 /* SFViewElement.m in Sources */ = {isa = PBXBuildFile; fileRef = B915ADD116B5A77700EB8D01 /* SFViewElement.m */; };
		B915ADD516B5A77700EB8D01 /* SFViewElement.m in Sources */ = {isa = PBXBuildFile; fileRef = B915ADD116B5A77700EB8D01 /* SFViewElement.m */; };
		B97578DA16B3DC7C00AE855D /* SFEntityElement.h in Headers */ = {isa = PBXBuildFile; fileRef = B97578CB16B3DC7C00AE855D /* SFEntityElement.h */; settings = {ATTRIBUTES = (Public, ); }; };
		B97578DB16B3DC7C00AE855D /* SFEntityElement.m in Sources */ = {isa = PBXBuildFile; fileRef = B97578CC16B3DC7C00AE855D /* SFEntityElement.m */; };
		B97578DC16B3DC7C00AE855D /* SFEntityElement.m in Sources */ = {isa = PBXBuildFile; fileRef = B97578CC16B3DC7C00AE855D /* SFEntityElement.m */; };
		B97578DD16B3DC7C00AE855D /* SFEntityElement.m in Sources */ = {isa = PBXBuildFile; fileRef = B97578CC16B3DC7C00AE855D /* SFEntityElement.m */; };
		B97578DE16B3DC7C00AE855D /* SFPropertyElement.h in Headers */ = {isa = PBXBuildFile; fileRef = B97578CD16B3DC7C00AE855D /* SFPropertyElement.h */; settings = {ATTRIBUTES = (Public, ); }; };
		B97578DF16B3DC7C00AE855D /* SFPropertyElement.m in Sources */ = {isa = PBXBuildFile; fileRef = B97578CE16B3DC7C00AE855D /* SFPropertyElement.m */; };
		B97578E016B3DC7C00AE855D /* SFPropertyElement.m in Sources */ = {isa = PBXBuildFile; fileRef = B97578CE16B3DC7C00AE855D /* SFPropertyElement.m */; };
		B97578E116B3DC7C00AE855D /* SFPropertyElement.m in Sources */ = {isa = PBXBuildFile; fileRef = B97578CE16B3DC7C00AE855D /* SFPropertyElement.m */; };
		B97578E216B3DC7C00AE855D /* SFRelationshipElement.h in Headers */ = {isa = PBXBuildFile; fileRef = B97578CF16B3DC7C00AE855D /* SFRelationshipElement.h */; settings = {ATTRIBUTES = (Public, ); }; };
		B97578E316B3DC7C00AE855D /* SFRelationshipElement.m in Sources */ = {isa = PBXBuildFile; fileRef = B97578D016B3DC7C00AE855D /* SFRelationshipElement.m */; };
		B97578E416B3DC7C00AE855D /* SFRelationshipElement.m in Sources */ = {isa = PBXBuildFile; fileRef = B97578D016B3DC7C00AE855D /* SFRelationshipElement.m */; };
		B97578E516B3DC7C00AE855D /* SFRelationshipElement.m in Sources */ = {isa = PBXBuildFile; fileRef = B97578D016B3DC7C00AE855D /* SFRelationshipElement.m */; };
		B97578E616B3DC7C00AE855D /* SFXMLEntityParser.h in Headers */ = {isa = PBXBuildFile; fileRef = B97578D216B3DC7C00AE855D /* SFXMLEntityParser.h */; settings = {ATTRIBUTES = (Public, ); }; };
		B97578E716B3DC7C00AE855D /* SFXMLEntityParser.m in Sources */ = {isa = PBXBuildFile; fileRef = B97578D316B3DC7C00AE855D /* SFXMLEntityParser.m */; };
		B97578E816B3DC7C00AE855D /* SFXMLEntityParser.m in Sources */ = {isa = PBXBuildFile; fileRef = B97578D316B3DC7C00AE855D /* SFXMLEntityParser.m */; };
		B97578E916B3DC7C00AE855D /* SFXMLEntityParser.m in Sources */ = {isa = PBXBuildFile; fileRef = B97578D316B3DC7C00AE855D /* SFXMLEntityParser.m */; };
		B97578EA16B3DC7C00AE855D /* SFXMLRelationshipParser.h in Headers */ = {isa = PBXBuildFile; fileRef = B97578D416B3DC7C00AE855D /* SFXMLRelationshipParser.h */; settings = {ATTRIBUTES = (Public, ); }; };
		B97578EB16B3DC7C00AE855D /* SFXMLRelationshipParser.m in Sources */ = {isa = PBXBuildFile; fileRef = B97578D516B3DC7C00AE855D /* SFXMLRelationshipParser.m */; };
		B97578EC16B3DC7C00AE855D /* SFXMLRelationshipParser.m in Sources */ = {isa = PBXBuildFile; fileRef = B97578D516B3DC7C00AE855D /* SFXMLRelationshipParser.m */; };
		B97578ED16B3DC7C00AE855D /* SFXMLRelationshipParser.m in Sources */ = {isa = PBXBuildFile; fileRef = B97578D516B3DC7C00AE855D /* SFXMLRelationshipParser.m */; };
		B97578EE16B3DC7C00AE855D /* SFXMLRelationshipPropertyParser.h in Headers */ = {isa = PBXBuildFile; fileRef = B97578D616B3DC7C00AE855D /* SFXMLRelationshipPropertyParser.h */; settings = {ATTRIBUTES = (Public, ); }; };
		B97578EF16B3DC7C00AE855D /* SFXMLRelationshipPropertyParser.m in Sources */ = {isa = PBXBuildFile; fileRef = B97578D716B3DC7C00AE855D /* SFXMLRelationshipPropertyParser.m */; };
		B97578F016B3DC7C00AE855D /* SFXMLRelationshipPropertyParser.m in Sources */ = {isa = PBXBuildFile; fileRef = B97578D716B3DC7C00AE855D /* SFXMLRelationshipPropertyParser.m */; };
		B97578F116B3DC7C00AE855D /* SFXMLRelationshipPropertyParser.m in Sources */ = {isa = PBXBuildFile; fileRef = B97578D716B3DC7C00AE855D /* SFXMLRelationshipPropertyParser.m */; };
		B97578F216B3DC7C00AE855D /* SFXMLModelParser.h in Headers */ = {isa = PBXBuildFile; fileRef = B97578D816B3DC7C00AE855D /* SFXMLModelParser.h */; settings = {ATTRIBUTES = (Public, ); }; };
		B97578F316B3DC7C00AE855D /* SFXMLModelParser.m in Sources */ = {isa = PBXBuildFile; fileRef = B97578D916B3DC7C00AE855D /* SFXMLModelParser.m */; };
		B97578F416B3DC7C00AE855D /* SFXMLModelParser.m in Sources */ = {isa = PBXBuildFile; fileRef = B97578D916B3DC7C00AE855D /* SFXMLModelParser.m */; };
		B97578F516B3DC7C00AE855D /* SFXMLModelParser.m in Sources */ = {isa = PBXBuildFile; fileRef = B97578D916B3DC7C00AE855D /* SFXMLModelParser.m */; };
		B97578FB16B3DE1B00AE855D /* SFXMLParser+ParseDelegation.h in Headers */ = {isa = PBXBuildFile; fileRef = B97578F916B3DE1B00AE855D /* SFXMLParser+ParseDelegation.h */; settings = {ATTRIBUTES = (Public, ); }; };
		B97578FC16B3DE1B00AE855D /* SFXMLParser+ParseDelegation.m in Sources */ = {isa = PBXBuildFile; fileRef = B97578FA16B3DE1B00AE855D /* SFXMLParser+ParseDelegation.m */; };
		B97578FD16B3DE1B00AE855D /* SFXMLParser+ParseDelegation.m in Sources */ = {isa = PBXBuildFile; fileRef = B97578FA16B3DE1B00AE855D /* SFXMLParser+ParseDelegation.m */; };
		B97578FE16B3DE1B00AE855D /* SFXMLParser+ParseDelegation.m in Sources */ = {isa = PBXBuildFile; fileRef = B97578FA16B3DE1B00AE855D /* SFXMLParser+ParseDelegation.m */; };
		B975790216B3FE9300AE855D /* SFXMLModelParser.plist in Resources */ = {isa = PBXBuildFile; fileRef = B975790116B3FE9300AE855D /* SFXMLModelParser.plist */; };
		B975790316B3FE9300AE855D /* SFXMLModelParser.plist in Resources */ = {isa = PBXBuildFile; fileRef = B975790116B3FE9300AE855D /* SFXMLModelParser.plist */; };
/* End PBXBuildFile section */

/* Begin PBXContainerItemProxy section */
		782B6CDE16C3D46A0057DF2C /* PBXContainerItemProxy */ = {
			isa = PBXContainerItemProxy;
			containerPortal = 78CBA92916C3D41800DAC9BB /* SparkCore.xcodeproj */;
			proxyType = 2;
			remoteGlobalIDString = 78B8E68E16C3CC3E0049E36B;
			remoteInfo = SparkCore;
		};
		782B6CE016C3D46A0057DF2C /* PBXContainerItemProxy */ = {
			isa = PBXContainerItemProxy;
			containerPortal = 78CBA92916C3D41800DAC9BB /* SparkCore.xcodeproj */;
			proxyType = 2;
			remoteGlobalIDString = 78B8E6A616C3CCA50049E36B;
			remoteInfo = SparkCoreMac;
		};
		782B6CE216C3D46A0057DF2C /* PBXContainerItemProxy */ = {
			isa = PBXContainerItemProxy;
			containerPortal = 78CBA92916C3D41800DAC9BB /* SparkCore.xcodeproj */;
			proxyType = 2;
			remoteGlobalIDString = 78B8E6BF16C3CCC00049E36B;
			remoteInfo = SparkCoreTest;
		};
		782B6D3716C3D46A0057DF2C /* PBXContainerItemProxy */ = {
			isa = PBXContainerItemProxy;
			containerPortal = 78CBA92A16C3D41800DAC9BB /* SparkReflection.xcodeproj */;
			proxyType = 2;
			remoteGlobalIDString = 78CD6F9915CA8AB800F6C2F9;
			remoteInfo = SparkReflection;
		};
		782B6D3916C3D46A0057DF2C /* PBXContainerItemProxy */ = {
			isa = PBXContainerItemProxy;
			containerPortal = 78CBA92A16C3D41800DAC9BB /* SparkReflection.xcodeproj */;
			proxyType = 2;
			remoteGlobalIDString = 9FA9F4A915F6359700FDE9E0;
			remoteInfo = SparkReflectionMac;
		};
		782B6D3B16C3D46A0057DF2C /* PBXContainerItemProxy */ = {
			isa = PBXContainerItemProxy;
			containerPortal = 78CBA92A16C3D41800DAC9BB /* SparkReflection.xcodeproj */;
			proxyType = 2;
			remoteGlobalIDString = 78289DF51647C2200036BEFE;
			remoteInfo = SparkReflectionTest;
		};
		782B6D6016C3D4B70057DF2C /* PBXContainerItemProxy */ = {
			isa = PBXContainerItemProxy;
			containerPortal = 78CBA92916C3D41800DAC9BB /* SparkCore.xcodeproj */;
			proxyType = 1;
			remoteGlobalIDString = 78B8E68D16C3CC3E0049E36B;
			remoteInfo = SparkCore;
		};
		782B6D6216C3D4B70057DF2C /* PBXContainerItemProxy */ = {
			isa = PBXContainerItemProxy;
			containerPortal = 78CBA92A16C3D41800DAC9BB /* SparkReflection.xcodeproj */;
			proxyType = 1;
			remoteGlobalIDString = 78CD6F9815CA8AB800F6C2F9;
			remoteInfo = SparkReflection;
		};
		782B6D6416C3D4BC0057DF2C /* PBXContainerItemProxy */ = {
			isa = PBXContainerItemProxy;
			containerPortal = 78CBA92916C3D41800DAC9BB /* SparkCore.xcodeproj */;
			proxyType = 1;
			remoteGlobalIDString = 78B8E6A516C3CCA50049E36B;
			remoteInfo = SparkCoreMac;
		};
		782B6D6616C3D4BC0057DF2C /* PBXContainerItemProxy */ = {
			isa = PBXContainerItemProxy;
			containerPortal = 78CBA92A16C3D41800DAC9BB /* SparkReflection.xcodeproj */;
			proxyType = 1;
			remoteGlobalIDString = 9FA9F4A815F6359700FDE9E0;
			remoteInfo = SparkReflectionMac;
		};
		78B2475D16D24AA100AFFDEE /* PBXContainerItemProxy */ = {
			isa = PBXContainerItemProxy;
			containerPortal = 7810087D16D24A8600BFDB8D /* SparkAttribute.xcodeproj */;
			proxyType = 2;
			remoteGlobalIDString = 789669DA15CBD1CD003D4AFC;
			remoteInfo = SparkAttribute;
		};
		78B2475F16D24AA100AFFDEE /* PBXContainerItemProxy */ = {
			isa = PBXContainerItemProxy;
			containerPortal = 7810087D16D24A8600BFDB8D /* SparkAttribute.xcodeproj */;
			proxyType = 2;
			remoteGlobalIDString = 9FA9F50215F63D6B00FDE9E0;
			remoteInfo = SparkAttributeMac;
		};
		78B2476116D24AA100AFFDEE /* PBXContainerItemProxy */ = {
			isa = PBXContainerItemProxy;
			containerPortal = 7810087D16D24A8600BFDB8D /* SparkAttribute.xcodeproj */;
			proxyType = 2;
			remoteGlobalIDString = 78DDB7CC1647FF0200E7E92F;
			remoteInfo = SparkAttributeTest;
		};
		78B2476516D24AB600AFFDEE /* PBXContainerItemProxy */ = {
			isa = PBXContainerItemProxy;
			containerPortal = 7810087D16D24A8600BFDB8D /* SparkAttribute.xcodeproj */;
			proxyType = 1;
			remoteGlobalIDString = 789669D915CBD1CD003D4AFC;
			remoteInfo = SparkAttribute;
		};
		78B2476716D24ABB00AFFDEE /* PBXContainerItemProxy */ = {
			isa = PBXContainerItemProxy;
			containerPortal = 7810087D16D24A8600BFDB8D /* SparkAttribute.xcodeproj */;
			proxyType = 1;
			remoteGlobalIDString = 789669D915CBD1CD003D4AFC;
			remoteInfo = SparkAttribute;
		};
		78B2476A16D24AC500AFFDEE /* PBXContainerItemProxy */ = {
			isa = PBXContainerItemProxy;
			containerPortal = 7810087D16D24A8600BFDB8D /* SparkAttribute.xcodeproj */;
			proxyType = 1;
			remoteGlobalIDString = 9FA9F50115F63D6B00FDE9E0;
			remoteInfo = SparkAttributeMac;
		};
		8DFE9F9D175F10C400E7BE04 /* PBXContainerItemProxy */ = {
			isa = PBXContainerItemProxy;
			containerPortal = 78CBA92A16C3D41800DAC9BB /* SparkReflection.xcodeproj */;
			proxyType = 1;
			remoteGlobalIDString = 78CD6F9815CA8AB800F6C2F9;
			remoteInfo = SparkReflection;
		};
		8DFE9FA5175F10C800E7BE04 /* PBXContainerItemProxy */ = {
			isa = PBXContainerItemProxy;
			containerPortal = 78CBA92916C3D41800DAC9BB /* SparkCore.xcodeproj */;
			proxyType = 1;
			remoteGlobalIDString = 78B8E68D16C3CC3E0049E36B;
			remoteInfo = SparkCore;
		};
/* End PBXContainerItemProxy section */

/* Begin PBXCopyFilesBuildPhase section */
		9F20C58E15C7D003007D6EEF /* CopyFiles */ = {
			isa = PBXCopyFilesBuildPhase;
			buildActionMask = 2147483647;
			dstPath = include/Spark;
			dstSubfolderSpec = 16;
			files = (
				83A36B3817982C1E00449C0C /* SFSerializableDate.h in CopyFiles */,
				5A930A26173A85E200B649FF /* SFXMLModelParser.plist in CopyFiles */,
				7865355B163969BB00E86841 /* NSJSONSerialization+JSONStringHandling.h in CopyFiles */,
				7895729616382B06009D7417 /* SFSerializable.h in CopyFiles */,
				7895729416382AEB009D7417 /* SFAttributedDecoder.h in CopyFiles */,
				7895729716382B08009D7417 /* SFDerived.h in CopyFiles */,
				7895729516382AEE009D7417 /* SFAttributedCoder.h in CopyFiles */,
				78DD732F164A6553009B334C /* SFSerializableCollection.h in CopyFiles */,
				9F80CD8215F64F500031BA24 /* SparkSerialization.h in CopyFiles */,
				78BCAECC16B674E7009EF466 /* SFXMLParser.h in CopyFiles */,
				78BCAECD16B674E7009EF466 /* SFXMLParser+ParseDelegation.h in CopyFiles */,
				78BCAECE16B674E7009EF466 /* SFXMLSpecificParser.h in CopyFiles */,
				78BCAECF16B674E7009EF466 /* SFXMLParsing.h in CopyFiles */,
				78BCAED016B674E7009EF466 /* SFXMLElement.h in CopyFiles */,
				78BCAED116B674E7009EF466 /* SFEntityElement.h in CopyFiles */,
				78BCAED216B674E7009EF466 /* SFPropertyElement.h in CopyFiles */,
				78BCAED316B674E7009EF466 /* SFRelationshipElement.h in CopyFiles */,
				78BCAED416B674E7009EF466 /* SFXMLEntityParser.h in CopyFiles */,
				78BCAED516B674E7009EF466 /* SFXMLRelationshipParser.h in CopyFiles */,
				78BCAED616B674E7009EF466 /* SFXMLRelationshipPropertyParser.h in CopyFiles */,
				78BCAED716B674E7009EF466 /* SFXMLModelParser.h in CopyFiles */,
			);
			runOnlyForDeploymentPostprocessing = 0;
		};
/* End PBXCopyFilesBuildPhase section */

/* Begin PBXFileReference section */
		5AD1FC4E1766042200E67BC4 /* Cocoa.framework */ = {isa = PBXFileReference; lastKnownFileType = wrapper.framework; name = Cocoa.framework; path = ../../../../System/Library/Frameworks/Cocoa.framework; sourceTree = DEVELOPER_DIR; };
		7810087D16D24A8600BFDB8D /* SparkAttribute.xcodeproj */ = {isa = PBXFileReference; lastKnownFileType = "wrapper.pb-project"; name = SparkAttribute.xcodeproj; path = ../SparkAttribute/SparkAttribute.xcodeproj; sourceTree = "<group>"; };
		7841617D16480C1D0089FDE9 /* SparkSerializationTest.octest */ = {isa = PBXFileReference; explicitFileType = wrapper.cfbundle; includeInIndex = 0; path = SparkSerializationTest.octest; sourceTree = BUILT_PRODUCTS_DIR; };
		7841617E16480C1D0089FDE9 /* SenTestingKit.framework */ = {isa = PBXFileReference; lastKnownFileType = wrapper.framework; name = SenTestingKit.framework; path = Library/Frameworks/SenTestingKit.framework; sourceTree = DEVELOPER_DIR; };
		7841618616480C1E0089FDE9 /* SparkSerializationTest-Info.plist */ = {isa = PBXFileReference; lastKnownFileType = text.plist.xml; path = "SparkSerializationTest-Info.plist"; sourceTree = "<group>"; };
		7841618816480C1E0089FDE9 /* en */ = {isa = PBXFileReference; lastKnownFileType = text.plist.strings; name = en; path = en.lproj/InfoPlist.strings; sourceTree = "<group>"; };
		7841618D16480C1E0089FDE9 /* SparkSerializationTest-Prefix.pch */ = {isa = PBXFileReference; lastKnownFileType = sourcecode.c.h; lineEnding = 0; path = "SparkSerializationTest-Prefix.pch"; sourceTree = "<group>"; xcLanguageSpecificationIdentifier = xcode.lang.objc; };
		784161AA16480CC40089FDE9 /* SFJSONStringHandlingTest.h */ = {isa = PBXFileReference; fileEncoding = 4; lastKnownFileType = sourcecode.c.h; path = SFJSONStringHandlingTest.h; sourceTree = "<group>"; };
		784161AB16480CC40089FDE9 /* SFJSONStringHandlingTest.m */ = {isa = PBXFileReference; fileEncoding = 4; lastKnownFileType = sourcecode.c.objc; lineEnding = 0; path = SFJSONStringHandlingTest.m; sourceTree = "<group>"; xcLanguageSpecificationIdentifier = xcode.lang.objc; };
		78513E6B164921BF0049549A /* SFSerializationTestObject.h */ = {isa = PBXFileReference; fileEncoding = 4; lastKnownFileType = sourcecode.c.h; path = SFSerializationTestObject.h; sourceTree = "<group>"; };
		78513E6C164921BF0049549A /* SFSerializationTestObject.m */ = {isa = PBXFileReference; fileEncoding = 4; lastKnownFileType = sourcecode.c.objc; path = SFSerializationTestObject.m; sourceTree = "<group>"; };
		78513E6E1649220C0049549A /* SFAnnotatedCoderTest.h */ = {isa = PBXFileReference; fileEncoding = 4; lastKnownFileType = sourcecode.c.h; lineEnding = 0; path = SFAnnotatedCoderTest.h; sourceTree = "<group>"; xcLanguageSpecificationIdentifier = xcode.lang.objcpp; };
		78513E6F1649220C0049549A /* SFAnnotatedCoderTest.m */ = {isa = PBXFileReference; fileEncoding = 4; lastKnownFileType = sourcecode.c.objc; lineEnding = 0; path = SFAnnotatedCoderTest.m; sourceTree = "<group>"; xcLanguageSpecificationIdentifier = xcode.lang.objc; };
		786535561639648E00E86841 /* NSJSONSerialization+JSONStringHandling.h */ = {isa = PBXFileReference; fileEncoding = 4; lastKnownFileType = sourcecode.c.h; path = "NSJSONSerialization+JSONStringHandling.h"; sourceTree = "<group>"; };
		786535571639648E00E86841 /* NSJSONSerialization+JSONStringHandling.m */ = {isa = PBXFileReference; fileEncoding = 4; lastKnownFileType = sourcecode.c.objc; path = "NSJSONSerialization+JSONStringHandling.m"; sourceTree = "<group>"; };
		786995E916AEC29000B28760 /* SFXMLParser.h */ = {isa = PBXFileReference; fileEncoding = 4; lastKnownFileType = sourcecode.c.h; path = SFXMLParser.h; sourceTree = "<group>"; };
		786995EA16AEC29000B28760 /* SFXMLParser.m */ = {isa = PBXFileReference; fileEncoding = 4; lastKnownFileType = sourcecode.c.objc; lineEnding = 0; path = SFXMLParser.m; sourceTree = "<group>"; xcLanguageSpecificationIdentifier = xcode.lang.objc; };
		786995EB16AEC29000B28760 /* SFXMLParsing.h */ = {isa = PBXFileReference; fileEncoding = 4; lastKnownFileType = sourcecode.c.h; path = SFXMLParsing.h; sourceTree = "<group>"; };
		7869965F16AED4C800B28760 /* SFXMLSpecificParser.h */ = {isa = PBXFileReference; fileEncoding = 4; lastKnownFileType = sourcecode.c.h; path = SFXMLSpecificParser.h; sourceTree = "<group>"; };
		7869966016AED4C800B28760 /* SFXMLSpecificParser.m */ = {isa = PBXFileReference; fileEncoding = 4; lastKnownFileType = sourcecode.c.objc; path = SFXMLSpecificParser.m; sourceTree = "<group>"; };
		7869967016AEE3A800B28760 /* SFXMLElement.h */ = {isa = PBXFileReference; fileEncoding = 4; lastKnownFileType = sourcecode.c.h; path = SFXMLElement.h; sourceTree = "<group>"; };
		7869967116AEE3A800B28760 /* SFXMLElement.m */ = {isa = PBXFileReference; fileEncoding = 4; lastKnownFileType = sourcecode.c.objc; path = SFXMLElement.m; sourceTree = "<group>"; };
		786996B616AFF27900B28760 /* SFXMLParsingTest.h */ = {isa = PBXFileReference; fileEncoding = 4; lastKnownFileType = sourcecode.c.h; path = SFXMLParsingTest.h; sourceTree = "<group>"; };
		786996B716AFF27900B28760 /* SFXMLParsingTest.m */ = {isa = PBXFileReference; fileEncoding = 4; lastKnownFileType = sourcecode.c.objc; path = SFXMLParsingTest.m; sourceTree = "<group>"; };
		7895727E163808BB009D7417 /* SFAttributedCoder.h */ = {isa = PBXFileReference; fileEncoding = 4; lastKnownFileType = sourcecode.c.h; lineEnding = 0; path = SFAttributedCoder.h; sourceTree = "<group>"; xcLanguageSpecificationIdentifier = xcode.lang.objcpp; };
		7895727F163808BB009D7417 /* SFAttributedCoder.m */ = {isa = PBXFileReference; fileEncoding = 4; lastKnownFileType = sourcecode.c.objc; lineEnding = 0; path = SFAttributedCoder.m; sourceTree = "<group>"; xcLanguageSpecificationIdentifier = xcode.lang.objc; };
		7895728516380A33009D7417 /* SFSerializable.h */ = {isa = PBXFileReference; fileEncoding = 4; lastKnownFileType = sourcecode.c.h; lineEnding = 0; path = SFSerializable.h; sourceTree = "<group>"; xcLanguageSpecificationIdentifier = xcode.lang.objcpp; };
		7895728616380A33009D7417 /* SFSerializable.m */ = {isa = PBXFileReference; fileEncoding = 4; lastKnownFileType = sourcecode.c.objc; path = SFSerializable.m; sourceTree = "<group>"; };
		7895728A16380F73009D7417 /* SFAttributedDecoder.h */ = {isa = PBXFileReference; fileEncoding = 4; lastKnownFileType = sourcecode.c.h; path = SFAttributedDecoder.h; sourceTree = "<group>"; };
		7895728B16380F73009D7417 /* SFAttributedDecoder.m */ = {isa = PBXFileReference; fileEncoding = 4; lastKnownFileType = sourcecode.c.objc; lineEnding = 0; path = SFAttributedDecoder.m; sourceTree = "<group>"; xcLanguageSpecificationIdentifier = xcode.lang.objc; };
		7895728F163828E1009D7417 /* SFDerived.h */ = {isa = PBXFileReference; fileEncoding = 4; lastKnownFileType = sourcecode.c.h; lineEnding = 0; path = SFDerived.h; sourceTree = "<group>"; xcLanguageSpecificationIdentifier = xcode.lang.objcpp; };
		78957290163828E1009D7417 /* SFDerived.m */ = {isa = PBXFileReference; fileEncoding = 4; lastKnownFileType = sourcecode.c.objc; path = SFDerived.m; sourceTree = "<group>"; };
		78BCFF7F16D24E6800D23908 /* TempAttributes */ = {isa = PBXFileReference; lastKnownFileType = folder; path = TempAttributes; sourceTree = "<group>"; };
		78CBA92916C3D41800DAC9BB /* SparkCore.xcodeproj */ = {isa = PBXFileReference; lastKnownFileType = "wrapper.pb-project"; name = SparkCore.xcodeproj; path = ../SparkCore/SparkCore.xcodeproj; sourceTree = "<group>"; };
		78CBA92A16C3D41800DAC9BB /* SparkReflection.xcodeproj */ = {isa = PBXFileReference; lastKnownFileType = "wrapper.pb-project"; name = SparkReflection.xcodeproj; path = ../SparkReflection/SparkReflection.xcodeproj; sourceTree = "<group>"; };
		78DD7329164A6305009B334C /* SFSerializableCollection.h */ = {isa = PBXFileReference; fileEncoding = 4; lastKnownFileType = sourcecode.c.h; lineEnding = 0; path = SFSerializableCollection.h; sourceTree = "<group>"; xcLanguageSpecificationIdentifier = xcode.lang.objcpp; };
		78DD732A164A6305009B334C /* SFSerializableCollection.m */ = {isa = PBXFileReference; fileEncoding = 4; lastKnownFileType = sourcecode.c.objc; path = SFSerializableCollection.m; sourceTree = "<group>"; };
		835B6C70175628D50072765C /* libz.dylib */ = {isa = PBXFileReference; lastKnownFileType = "compiled.mach-o.dylib"; name = libz.dylib; path = usr/lib/libz.dylib; sourceTree = SDKROOT; };
		83A36B2D1798205000449C0C /* SFSerializableDate.h */ = {isa = PBXFileReference; fileEncoding = 4; lastKnownFileType = sourcecode.c.h; lineEnding = 0; path = SFSerializableDate.h; sourceTree = "<group>"; xcLanguageSpecificationIdentifier = xcode.lang.objcpp; };
		83A36B2E1798205000449C0C /* SFSerializableDate.m */ = {isa = PBXFileReference; fileEncoding = 4; lastKnownFileType = sourcecode.c.objc; path = SFSerializableDate.m; sourceTree = "<group>"; };
		83BEEF701744EAB50095BD53 /* DeserialisationTest.json */ = {isa = PBXFileReference; fileEncoding = 4; lastKnownFileType = text.json; lineEnding = 0; path = DeserialisationTest.json; sourceTree = "<group>"; xcLanguageSpecificationIdentifier = xcode.lang.javascript; };
		9F0A8AB415C299340044A782 /* libSparkSerialization.a */ = {isa = PBXFileReference; explicitFileType = archive.ar; includeInIndex = 0; path = libSparkSerialization.a; sourceTree = BUILT_PRODUCTS_DIR; };
		9F0A8AB815C299340044A782 /* SparkSerialization-Prefix.pch */ = {isa = PBXFileReference; lastKnownFileType = sourcecode.c.h; path = "SparkSerialization-Prefix.pch"; sourceTree = "<group>"; };
		9F80CD5B15F64EEE0031BA24 /* SparkSerialization.h */ = {isa = PBXFileReference; fileEncoding = 4; lastKnownFileType = sourcecode.c.h; path = SparkSerialization.h; sourceTree = "<group>"; };
		9FA9F4D415F636C400FDE9E0 /* SparkSerialization.framework */ = {isa = PBXFileReference; explicitFileType = wrapper.framework; includeInIndex = 0; path = SparkSerialization.framework; sourceTree = BUILT_PRODUCTS_DIR; };
		9FA9F4DD15F636C500FDE9E0 /* SparkSerializationMac-Info.plist */ = {isa = PBXFileReference; lastKnownFileType = text.plist.xml; path = "SparkSerializationMac-Info.plist"; sourceTree = "<group>"; };
		9FA9F4DF15F636C500FDE9E0 /* en */ = {isa = PBXFileReference; lastKnownFileType = text.plist.strings; name = en; path = en.lproj/InfoPlist.strings; sourceTree = "<group>"; };
		9FA9F4E115F636C500FDE9E0 /* SparkSerializationMac-Prefix.pch */ = {isa = PBXFileReference; lastKnownFileType = sourcecode.c.h; path = "SparkSerializationMac-Prefix.pch"; sourceTree = "<group>"; };
		B915ADD016B5A77700EB8D01 /* SFViewElement.h */ = {isa = PBXFileReference; fileEncoding = 4; lastKnownFileType = sourcecode.c.h; path = SFViewElement.h; sourceTree = "<group>"; };
		B915ADD116B5A77700EB8D01 /* SFViewElement.m */ = {isa = PBXFileReference; fileEncoding = 4; lastKnownFileType = sourcecode.c.objc; path = SFViewElement.m; sourceTree = "<group>"; };
		B97578CB16B3DC7C00AE855D /* SFEntityElement.h */ = {isa = PBXFileReference; fileEncoding = 4; lastKnownFileType = sourcecode.c.h; path = SFEntityElement.h; sourceTree = "<group>"; };
		B97578CC16B3DC7C00AE855D /* SFEntityElement.m */ = {isa = PBXFileReference; fileEncoding = 4; lastKnownFileType = sourcecode.c.objc; path = SFEntityElement.m; sourceTree = "<group>"; };
		B97578CD16B3DC7C00AE855D /* SFPropertyElement.h */ = {isa = PBXFileReference; fileEncoding = 4; lastKnownFileType = sourcecode.c.h; path = SFPropertyElement.h; sourceTree = "<group>"; };
		B97578CE16B3DC7C00AE855D /* SFPropertyElement.m */ = {isa = PBXFileReference; fileEncoding = 4; lastKnownFileType = sourcecode.c.objc; path = SFPropertyElement.m; sourceTree = "<group>"; };
		B97578CF16B3DC7C00AE855D /* SFRelationshipElement.h */ = {isa = PBXFileReference; fileEncoding = 4; lastKnownFileType = sourcecode.c.h; path = SFRelationshipElement.h; sourceTree = "<group>"; };
		B97578D016B3DC7C00AE855D /* SFRelationshipElement.m */ = {isa = PBXFileReference; fileEncoding = 4; lastKnownFileType = sourcecode.c.objc; path = SFRelationshipElement.m; sourceTree = "<group>"; };
		B97578D216B3DC7C00AE855D /* SFXMLEntityParser.h */ = {isa = PBXFileReference; fileEncoding = 4; lastKnownFileType = sourcecode.c.h; path = SFXMLEntityParser.h; sourceTree = "<group>"; };
		B97578D316B3DC7C00AE855D /* SFXMLEntityParser.m */ = {isa = PBXFileReference; fileEncoding = 4; lastKnownFileType = sourcecode.c.objc; path = SFXMLEntityParser.m; sourceTree = "<group>"; };
		B97578D416B3DC7C00AE855D /* SFXMLRelationshipParser.h */ = {isa = PBXFileReference; fileEncoding = 4; lastKnownFileType = sourcecode.c.h; path = SFXMLRelationshipParser.h; sourceTree = "<group>"; };
		B97578D516B3DC7C00AE855D /* SFXMLRelationshipParser.m */ = {isa = PBXFileReference; fileEncoding = 4; lastKnownFileType = sourcecode.c.objc; path = SFXMLRelationshipParser.m; sourceTree = "<group>"; };
		B97578D616B3DC7C00AE855D /* SFXMLRelationshipPropertyParser.h */ = {isa = PBXFileReference; fileEncoding = 4; lastKnownFileType = sourcecode.c.h; path = SFXMLRelationshipPropertyParser.h; sourceTree = "<group>"; };
		B97578D716B3DC7C00AE855D /* SFXMLRelationshipPropertyParser.m */ = {isa = PBXFileReference; fileEncoding = 4; lastKnownFileType = sourcecode.c.objc; path = SFXMLRelationshipPropertyParser.m; sourceTree = "<group>"; };
		B97578D816B3DC7C00AE855D /* SFXMLModelParser.h */ = {isa = PBXFileReference; fileEncoding = 4; lastKnownFileType = sourcecode.c.h; path = SFXMLModelParser.h; sourceTree = "<group>"; };
		B97578D916B3DC7C00AE855D /* SFXMLModelParser.m */ = {isa = PBXFileReference; fileEncoding = 4; lastKnownFileType = sourcecode.c.objc; path = SFXMLModelParser.m; sourceTree = "<group>"; };
		B97578F916B3DE1B00AE855D /* SFXMLParser+ParseDelegation.h */ = {isa = PBXFileReference; fileEncoding = 4; lastKnownFileType = sourcecode.c.h; path = "SFXMLParser+ParseDelegation.h"; sourceTree = "<group>"; };
		B97578FA16B3DE1B00AE855D /* SFXMLParser+ParseDelegation.m */ = {isa = PBXFileReference; fileEncoding = 4; lastKnownFileType = sourcecode.c.objc; path = "SFXMLParser+ParseDelegation.m"; sourceTree = "<group>"; };
		B975790116B3FE9300AE855D /* SFXMLModelParser.plist */ = {isa = PBXFileReference; fileEncoding = 4; lastKnownFileType = text.plist.xml; path = SFXMLModelParser.plist; sourceTree = "<group>"; };
		CDA9F5D416E9F1D9000A50CC /* CoreFoundation.framework */ = {isa = PBXFileReference; lastKnownFileType = wrapper.framework; name = CoreFoundation.framework; path = System/Library/Frameworks/CoreFoundation.framework; sourceTree = SDKROOT; };
		CDB87E6616EA0BA2003D9081 /* Foundation.framework */ = {isa = PBXFileReference; lastKnownFileType = wrapper.framework; name = Foundation.framework; path = System/Library/Frameworks/Foundation.framework; sourceTree = SDKROOT; };
/* End PBXFileReference section */

/* Begin PBXFrameworksBuildPhase section */
		7841617916480C1D0089FDE9 /* Frameworks */ = {
			isa = PBXFrameworksBuildPhase;
			buildActionMask = 2147483647;
			files = (
				782B6D6E16C3D4CF0057DF2C /* libSparkCore.a in Frameworks */,
				78B2476916D24AC000AFFDEE /* libSparkAttribute.a in Frameworks */,
				7841617F16480C1D0089FDE9 /* SenTestingKit.framework in Frameworks */,
				835B6C71175628D50072765C /* libz.dylib in Frameworks */,
				782B6D6F16C3D4CF0057DF2C /* libSparkReflection.a in Frameworks */,
			);
			runOnlyForDeploymentPostprocessing = 0;
		};
		9F0A8AB115C299340044A782 /* Frameworks */ = {
			isa = PBXFrameworksBuildPhase;
			buildActionMask = 2147483647;
			files = (
			);
			runOnlyForDeploymentPostprocessing = 0;
		};
		9FA9F4D015F636C400FDE9E0 /* Frameworks */ = {
			isa = PBXFrameworksBuildPhase;
			buildActionMask = 2147483647;
			files = (
				78B2476C16D24AC800AFFDEE /* SparkAttribute.framework in Frameworks */,
				782B6D6816C3D4C10057DF2C /* SparkCore.framework in Frameworks */,
				782B6D6916C3D4C10057DF2C /* SparkReflection.framework in Frameworks */,
				5AD1FC4F1766042200E67BC4 /* Cocoa.framework in Frameworks */,
			);
			runOnlyForDeploymentPostprocessing = 0;
		};
/* End PBXFrameworksBuildPhase section */

/* Begin PBXGroup section */
		782B6C8216C3D46A0057DF2C /* Products */ = {
			isa = PBXGroup;
			children = (
				782B6CDF16C3D46A0057DF2C /* libSparkCore.a */,
				782B6CE116C3D46A0057DF2C /* SparkCore.framework */,
				782B6CE316C3D46A0057DF2C /* SparkCoreTest.octest */,
			);
			name = Products;
			sourceTree = "<group>";
		};
		782B6CFA16C3D46A0057DF2C /* Products */ = {
			isa = PBXGroup;
			children = (
				782B6D3816C3D46A0057DF2C /* libSparkReflection.a */,
				782B6D3A16C3D46A0057DF2C /* SparkReflection.framework */,
				782B6D3C16C3D46A0057DF2C /* SparkReflectionTest.octest */,
			);
			name = Products;
			sourceTree = "<group>";
		};
		7841618416480C1E0089FDE9 /* SparkSerializationTest */ = {
			isa = PBXGroup;
			children = (
				784161A416480C670089FDE9 /* Categories */,
				784161A516480C670089FDE9 /* Classes */,
				786996B516AFF26900B28760 /* XMLSerialization */,
				784161A616480C670089FDE9 /* Resources */,
				7841618516480C1E0089FDE9 /* Supporting Files */,
			);
			path = SparkSerializationTest;
			sourceTree = "<group>";
		};
		7841618516480C1E0089FDE9 /* Supporting Files */ = {
			isa = PBXGroup;
			children = (
				7841618616480C1E0089FDE9 /* SparkSerializationTest-Info.plist */,
				7841618716480C1E0089FDE9 /* InfoPlist.strings */,
				7841618D16480C1E0089FDE9 /* SparkSerializationTest-Prefix.pch */,
			);
			name = "Supporting Files";
			sourceTree = "<group>";
		};
		784161A416480C670089FDE9 /* Categories */ = {
			isa = PBXGroup;
			children = (
				784161AA16480CC40089FDE9 /* SFJSONStringHandlingTest.h */,
				784161AB16480CC40089FDE9 /* SFJSONStringHandlingTest.m */,
			);
			path = Categories;
			sourceTree = "<group>";
		};
		784161A516480C670089FDE9 /* Classes */ = {
			isa = PBXGroup;
			children = (
				78513E6B164921BF0049549A /* SFSerializationTestObject.h */,
				78513E6C164921BF0049549A /* SFSerializationTestObject.m */,
				78513E6E1649220C0049549A /* SFAnnotatedCoderTest.h */,
				78513E6F1649220C0049549A /* SFAnnotatedCoderTest.m */,
			);
			path = Classes;
			sourceTree = "<group>";
		};
		784161A616480C670089FDE9 /* Resources */ = {
			isa = PBXGroup;
			children = (
				78BCFF7F16D24E6800D23908 /* TempAttributes */,
				83BEEF701744EAB50095BD53 /* DeserialisationTest.json */,
			);
			path = Resources;
			sourceTree = "<group>";
		};
		7846754C15C16C20000E02DA = {
			isa = PBXGroup;
			children = (
				9F0A8AB615C299340044A782 /* SparkSerialization */,
				9FA9F4DB15F636C500FDE9E0 /* SparkSerializationMac */,
				7841618416480C1E0089FDE9 /* SparkSerializationTest */,
				7846755A15C16C21000E02DA /* Frameworks */,
				7846755815C16C21000E02DA /* Products */,
			);
			sourceTree = "<group>";
		};
		7846755815C16C21000E02DA /* Products */ = {
			isa = PBXGroup;
			children = (
				9F0A8AB415C299340044A782 /* libSparkSerialization.a */,
				9FA9F4D415F636C400FDE9E0 /* SparkSerialization.framework */,
				7841617D16480C1D0089FDE9 /* SparkSerializationTest.octest */,
			);
			name = Products;
			sourceTree = "<group>";
		};
		7846755A15C16C21000E02DA /* Frameworks */ = {
			isa = PBXGroup;
			children = (
				7810087D16D24A8600BFDB8D /* SparkAttribute.xcodeproj */,
				78CBA92916C3D41800DAC9BB /* SparkCore.xcodeproj */,
				78CBA92A16C3D41800DAC9BB /* SparkReflection.xcodeproj */,
				CDB87E6616EA0BA2003D9081 /* Foundation.framework */,
				5AD1FC4E1766042200E67BC4 /* Cocoa.framework */,
				835B6C70175628D50072765C /* libz.dylib */,
				7841617E16480C1D0089FDE9 /* SenTestingKit.framework */,
				CDA9F5D416E9F1D9000A50CC /* CoreFoundation.framework */,
			);
			name = Frameworks;
			sourceTree = "<group>";
		};
		786535551639647300E86841 /* Categories */ = {
			isa = PBXGroup;
			children = (
				786535561639648E00E86841 /* NSJSONSerialization+JSONStringHandling.h */,
				786535571639648E00E86841 /* NSJSONSerialization+JSONStringHandling.m */,
			);
			path = Categories;
			sourceTree = "<group>";
		};
		786995E516AEC27100B28760 /* XMLParser */ = {
			isa = PBXGroup;
			children = (
				7869967616AEEE9800B28760 /* SpecificClasses */,
				786995E916AEC29000B28760 /* SFXMLParser.h */,
				786995EA16AEC29000B28760 /* SFXMLParser.m */,
				B97578F916B3DE1B00AE855D /* SFXMLParser+ParseDelegation.h */,
				B97578FA16B3DE1B00AE855D /* SFXMLParser+ParseDelegation.m */,
				7869965F16AED4C800B28760 /* SFXMLSpecificParser.h */,
				7869966016AED4C800B28760 /* SFXMLSpecificParser.m */,
				786995EB16AEC29000B28760 /* SFXMLParsing.h */,
				7869967016AEE3A800B28760 /* SFXMLElement.h */,
				7869967116AEE3A800B28760 /* SFXMLElement.m */,
			);
			path = XMLParser;
			sourceTree = "<group>";
		};
		7869967616AEEE9800B28760 /* SpecificClasses */ = {
			isa = PBXGroup;
			children = (
				B97578F616B3DCAB00AE855D /* Presentation */,
				B97578C916B3DC7C00AE855D /* DatabaseModel */,
			);
			path = SpecificClasses;
			sourceTree = "<group>";
		};
		786996B516AFF26900B28760 /* XMLSerialization */ = {
			isa = PBXGroup;
			children = (
				786996B616AFF27900B28760 /* SFXMLParsingTest.h */,
				786996B716AFF27900B28760 /* SFXMLParsingTest.m */,
			);
			path = XMLSerialization;
			sourceTree = "<group>";
		};
		78957284163809A0009D7417 /* Attributes */ = {
			isa = PBXGroup;
			children = (
				83A36B2D1798205000449C0C /* SFSerializableDate.h */,
				83A36B2E1798205000449C0C /* SFSerializableDate.m */,
				7895728516380A33009D7417 /* SFSerializable.h */,
				7895728616380A33009D7417 /* SFSerializable.m */,
				7895728F163828E1009D7417 /* SFDerived.h */,
				78957290163828E1009D7417 /* SFDerived.m */,
				78DD7329164A6305009B334C /* SFSerializableCollection.h */,
				78DD732A164A6305009B334C /* SFSerializableCollection.m */,
			);
			path = Attributes;
			sourceTree = "<group>";
		};
		78B2475816D24AA100AFFDEE /* Products */ = {
			isa = PBXGroup;
			children = (
				78B2475E16D24AA100AFFDEE /* libSparkAttribute.a */,
				78B2476016D24AA100AFFDEE /* SparkAttribute.framework */,
				78B2476216D24AA100AFFDEE /* SparkAttributeTest.octest */,
			);
			name = Products;
			sourceTree = "<group>";
		};
		9F0A8AB615C299340044A782 /* SparkSerialization */ = {
			isa = PBXGroup;
			children = (
				9F80CD5B15F64EEE0031BA24 /* SparkSerialization.h */,
				786995E516AEC27100B28760 /* XMLParser */,
				78957284163809A0009D7417 /* Attributes */,
				786535551639647300E86841 /* Categories */,
				9F91540815C7D52200F1A369 /* Coder */,
				9F91541615C7D52200F1A369 /* Decoder */,
				9F0A8AB715C299340044A782 /* Supporting Files */,
			);
			path = SparkSerialization;
			sourceTree = "<group>";
		};
		9F0A8AB715C299340044A782 /* Supporting Files */ = {
			isa = PBXGroup;
			children = (
				9F0A8AB815C299340044A782 /* SparkSerialization-Prefix.pch */,
			);
			name = "Supporting Files";
			sourceTree = "<group>";
		};
		9F91540815C7D52200F1A369 /* Coder */ = {
			isa = PBXGroup;
			children = (
				7895727E163808BB009D7417 /* SFAttributedCoder.h */,
				7895727F163808BB009D7417 /* SFAttributedCoder.m */,
			);
			path = Coder;
			sourceTree = "<group>";
		};
		9F91541615C7D52200F1A369 /* Decoder */ = {
			isa = PBXGroup;
			children = (
				7895728A16380F73009D7417 /* SFAttributedDecoder.h */,
				7895728B16380F73009D7417 /* SFAttributedDecoder.m */,
			);
			path = Decoder;
			sourceTree = "<group>";
		};
		9FA9F4DB15F636C500FDE9E0 /* SparkSerializationMac */ = {
			isa = PBXGroup;
			children = (
				9FA9F4DC15F636C500FDE9E0 /* Supporting Files */,
			);
			path = SparkSerializationMac;
			sourceTree = "<group>";
		};
		9FA9F4DC15F636C500FDE9E0 /* Supporting Files */ = {
			isa = PBXGroup;
			children = (
				9FA9F4DD15F636C500FDE9E0 /* SparkSerializationMac-Info.plist */,
				9FA9F4DE15F636C500FDE9E0 /* InfoPlist.strings */,
				9FA9F4E115F636C500FDE9E0 /* SparkSerializationMac-Prefix.pch */,
			);
			name = "Supporting Files";
			sourceTree = "<group>";
		};
		B97578C916B3DC7C00AE855D /* DatabaseModel */ = {
			isa = PBXGroup;
			children = (
				B97578CA16B3DC7C00AE855D /* Elements */,
				B97578D116B3DC7C00AE855D /* Parsers */,
			);
			path = DatabaseModel;
			sourceTree = "<group>";
		};
		B97578CA16B3DC7C00AE855D /* Elements */ = {
			isa = PBXGroup;
			children = (
				B97578CB16B3DC7C00AE855D /* SFEntityElement.h */,
				B97578CC16B3DC7C00AE855D /* SFEntityElement.m */,
				B97578CD16B3DC7C00AE855D /* SFPropertyElement.h */,
				B97578CE16B3DC7C00AE855D /* SFPropertyElement.m */,
				B97578CF16B3DC7C00AE855D /* SFRelationshipElement.h */,
				B97578D016B3DC7C00AE855D /* SFRelationshipElement.m */,
			);
			path = Elements;
			sourceTree = "<group>";
		};
		B97578D116B3DC7C00AE855D /* Parsers */ = {
			isa = PBXGroup;
			children = (
				B97578D216B3DC7C00AE855D /* SFXMLEntityParser.h */,
				B97578D316B3DC7C00AE855D /* SFXMLEntityParser.m */,
				B97578D416B3DC7C00AE855D /* SFXMLRelationshipParser.h */,
				B97578D516B3DC7C00AE855D /* SFXMLRelationshipParser.m */,
				B97578D616B3DC7C00AE855D /* SFXMLRelationshipPropertyParser.h */,
				B97578D716B3DC7C00AE855D /* SFXMLRelationshipPropertyParser.m */,
				B97578D816B3DC7C00AE855D /* SFXMLModelParser.h */,
				B97578D916B3DC7C00AE855D /* SFXMLModelParser.m */,
				B975790116B3FE9300AE855D /* SFXMLModelParser.plist */,
			);
			path = Parsers;
			sourceTree = "<group>";
		};
		B97578F616B3DCAB00AE855D /* Presentation */ = {
			isa = PBXGroup;
			children = (
				B97578F716B3DCAB00AE855D /* Elements */,
				B97578F816B3DCAB00AE855D /* Parsers */,
			);
			path = Presentation;
			sourceTree = "<group>";
		};
		B97578F716B3DCAB00AE855D /* Elements */ = {
			isa = PBXGroup;
			children = (
				B915ADD016B5A77700EB8D01 /* SFViewElement.h */,
				B915ADD116B5A77700EB8D01 /* SFViewElement.m */,
			);
			path = Elements;
			sourceTree = "<group>";
		};
		B97578F816B3DCAB00AE855D /* Parsers */ = {
			isa = PBXGroup;
			children = (
			);
			path = Parsers;
			sourceTree = "<group>";
		};
/* End PBXGroup section */

/* Begin PBXHeadersBuildPhase section */
		9FA9F4D115F636C400FDE9E0 /* Headers */ = {
			isa = PBXHeadersBuildPhase;
			buildActionMask = 2147483647;
			files = (
				78957280163808BB009D7417 /* SFAttributedCoder.h in Headers */,
				786535581639648E00E86841 /* NSJSONSerialization+JSONStringHandling.h in Headers */,
				7895728716380A33009D7417 /* SFSerializable.h in Headers */,
				78DD732B164A6305009B334C /* SFSerializableCollection.h in Headers */,
				7895728C16380F73009D7417 /* SFAttributedDecoder.h in Headers */,
				78957291163828E1009D7417 /* SFDerived.h in Headers */,
				786995EC16AEC29000B28760 /* SFXMLParser.h in Headers */,
				786995EE16AEC29000B28760 /* SFXMLParsing.h in Headers */,
				7869966116AED4C800B28760 /* SFXMLSpecificParser.h in Headers */,
				7869967216AEE3A800B28760 /* SFXMLElement.h in Headers */,
				B97578DA16B3DC7C00AE855D /* SFEntityElement.h in Headers */,
				B97578DE16B3DC7C00AE855D /* SFPropertyElement.h in Headers */,
				B97578E216B3DC7C00AE855D /* SFRelationshipElement.h in Headers */,
				B97578E616B3DC7C00AE855D /* SFXMLEntityParser.h in Headers */,
				B97578EA16B3DC7C00AE855D /* SFXMLRelationshipParser.h in Headers */,
				B97578EE16B3DC7C00AE855D /* SFXMLRelationshipPropertyParser.h in Headers */,
				B97578F216B3DC7C00AE855D /* SFXMLModelParser.h in Headers */,
				B97578FB16B3DE1B00AE855D /* SFXMLParser+ParseDelegation.h in Headers */,
				B915ADD216B5A77700EB8D01 /* SFViewElement.h in Headers */,
				9F80CD5C15F64EEE0031BA24 /* SparkSerialization.h in Headers */,
				83A36B3517982A0B00449C0C /* SFSerializableDate.h in Headers */,
			);
			runOnlyForDeploymentPostprocessing = 0;
		};
/* End PBXHeadersBuildPhase section */

/* Begin PBXNativeTarget section */
		7841617C16480C1D0089FDE9 /* SparkSerializationTest */ = {
			isa = PBXNativeTarget;
			buildConfigurationList = 7841619616480C1E0089FDE9 /* Build configuration list for PBXNativeTarget "SparkSerializationTest" */;
			buildPhases = (
				7841617816480C1D0089FDE9 /* Sources */,
				7841617916480C1D0089FDE9 /* Frameworks */,
				784161A916480C7A0089FDE9 /* ShellScript */,
				7841617A16480C1D0089FDE9 /* Resources */,
				5A1CC60B176F282A00A6C154 /* ShellScript */,
				7841617B16480C1D0089FDE9 /* ShellScript */,
			);
			buildRules = (
			);
			dependencies = (
				8DFE9FA6175F10C800E7BE04 /* PBXTargetDependency */,
				78B2476816D24ABB00AFFDEE /* PBXTargetDependency */,
				8DFE9F9E175F10C400E7BE04 /* PBXTargetDependency */,
			);
			name = SparkSerializationTest;
			productName = SecondSightSerializationTest;
			productReference = 7841617D16480C1D0089FDE9 /* SparkSerializationTest.octest */;
			productType = "com.apple.product-type.bundle";
		};
		9F0A8AB315C299340044A782 /* SparkSerialization */ = {
			isa = PBXNativeTarget;
			buildConfigurationList = 9F0A8ABE15C299340044A782 /* Build configuration list for PBXNativeTarget "SparkSerialization" */;
			buildPhases = (
				9F0A8AB015C299340044A782 /* Sources */,
				9F0A8AB115C299340044A782 /* Frameworks */,
				9F20C58E15C7D003007D6EEF /* CopyFiles */,
			);
			buildRules = (
			);
			dependencies = (
				78B2476616D24AB600AFFDEE /* PBXTargetDependency */,
				782B6D6116C3D4B70057DF2C /* PBXTargetDependency */,
				782B6D6316C3D4B70057DF2C /* PBXTargetDependency */,
			);
			name = SparkSerialization;
			productName = SecondSightSerialization;
			productReference = 9F0A8AB415C299340044A782 /* libSparkSerialization.a */;
			productType = "com.apple.product-type.library.static";
		};
		9FA9F4D315F636C400FDE9E0 /* SparkSerializationMac */ = {
			isa = PBXNativeTarget;
			buildConfigurationList = 9FA9F4E715F636C500FDE9E0 /* Build configuration list for PBXNativeTarget "SparkSerializationMac" */;
			buildPhases = (
				9FA9F4CF15F636C400FDE9E0 /* Sources */,
				9FA9F4D015F636C400FDE9E0 /* Frameworks */,
				9FA9F4D115F636C400FDE9E0 /* Headers */,
				9FA9F4D215F636C400FDE9E0 /* Resources */,
			);
			buildRules = (
			);
			dependencies = (
				78B2476B16D24AC500AFFDEE /* PBXTargetDependency */,
				782B6D6516C3D4BC0057DF2C /* PBXTargetDependency */,
				782B6D6716C3D4BC0057DF2C /* PBXTargetDependency */,
			);
			name = SparkSerializationMac;
			productName = SecondSightSerializationMac;
			productReference = 9FA9F4D415F636C400FDE9E0 /* SparkSerialization.framework */;
			productType = "com.apple.product-type.framework";
		};
/* End PBXNativeTarget section */

/* Begin PBXProject section */
		7846754E15C16C20000E02DA /* Project object */ = {
			isa = PBXProject;
			attributes = {
				CLASSPREFIX = SF;
				LastUpgradeCheck = 0460;
				ORGANIZATIONNAME = "Epam Systems";
			};
			buildConfigurationList = 7846755115C16C20000E02DA /* Build configuration list for PBXProject "SparkSerialization" */;
			compatibilityVersion = "Xcode 3.2";
			developmentRegion = English;
			hasScannedForEncodings = 0;
			knownRegions = (
				en,
			);
			mainGroup = 7846754C15C16C20000E02DA;
			productRefGroup = 7846755815C16C21000E02DA /* Products */;
			projectDirPath = "";
			projectReferences = (
				{
					ProductGroup = 78B2475816D24AA100AFFDEE /* Products */;
					ProjectRef = 7810087D16D24A8600BFDB8D /* SparkAttribute.xcodeproj */;
				},
				{
					ProductGroup = 782B6C8216C3D46A0057DF2C /* Products */;
					ProjectRef = 78CBA92916C3D41800DAC9BB /* SparkCore.xcodeproj */;
				},
				{
					ProductGroup = 782B6CFA16C3D46A0057DF2C /* Products */;
					ProjectRef = 78CBA92A16C3D41800DAC9BB /* SparkReflection.xcodeproj */;
				},
			);
			projectRoot = "";
			targets = (
				9F0A8AB315C299340044A782 /* SparkSerialization */,
				9FA9F4D315F636C400FDE9E0 /* SparkSerializationMac */,
				7841617C16480C1D0089FDE9 /* SparkSerializationTest */,
			);
		};
/* End PBXProject section */

/* Begin PBXReferenceProxy section */
		782B6CDF16C3D46A0057DF2C /* libSparkCore.a */ = {
			isa = PBXReferenceProxy;
			fileType = archive.ar;
			path = libSparkCore.a;
			remoteRef = 782B6CDE16C3D46A0057DF2C /* PBXContainerItemProxy */;
			sourceTree = BUILT_PRODUCTS_DIR;
		};
		782B6CE116C3D46A0057DF2C /* SparkCore.framework */ = {
			isa = PBXReferenceProxy;
			fileType = wrapper.framework;
			path = SparkCore.framework;
			remoteRef = 782B6CE016C3D46A0057DF2C /* PBXContainerItemProxy */;
			sourceTree = BUILT_PRODUCTS_DIR;
		};
		782B6CE316C3D46A0057DF2C /* SparkCoreTest.octest */ = {
			isa = PBXReferenceProxy;
			fileType = wrapper.cfbundle;
			path = SparkCoreTest.octest;
			remoteRef = 782B6CE216C3D46A0057DF2C /* PBXContainerItemProxy */;
			sourceTree = BUILT_PRODUCTS_DIR;
		};
		782B6D3816C3D46A0057DF2C /* libSparkReflection.a */ = {
			isa = PBXReferenceProxy;
			fileType = archive.ar;
			path = libSparkReflection.a;
			remoteRef = 782B6D3716C3D46A0057DF2C /* PBXContainerItemProxy */;
			sourceTree = BUILT_PRODUCTS_DIR;
		};
		782B6D3A16C3D46A0057DF2C /* SparkReflection.framework */ = {
			isa = PBXReferenceProxy;
			fileType = wrapper.framework;
			path = SparkReflection.framework;
			remoteRef = 782B6D3916C3D46A0057DF2C /* PBXContainerItemProxy */;
			sourceTree = BUILT_PRODUCTS_DIR;
		};
		782B6D3C16C3D46A0057DF2C /* SparkReflectionTest.octest */ = {
			isa = PBXReferenceProxy;
			fileType = wrapper.cfbundle;
			path = SparkReflectionTest.octest;
			remoteRef = 782B6D3B16C3D46A0057DF2C /* PBXContainerItemProxy */;
			sourceTree = BUILT_PRODUCTS_DIR;
		};
		78B2475E16D24AA100AFFDEE /* libSparkAttribute.a */ = {
			isa = PBXReferenceProxy;
			fileType = archive.ar;
			path = libSparkAttribute.a;
			remoteRef = 78B2475D16D24AA100AFFDEE /* PBXContainerItemProxy */;
			sourceTree = BUILT_PRODUCTS_DIR;
		};
		78B2476016D24AA100AFFDEE /* SparkAttribute.framework */ = {
			isa = PBXReferenceProxy;
			fileType = wrapper.framework;
			path = SparkAttribute.framework;
			remoteRef = 78B2475F16D24AA100AFFDEE /* PBXContainerItemProxy */;
			sourceTree = BUILT_PRODUCTS_DIR;
		};
		78B2476216D24AA100AFFDEE /* SparkAttributeTest.octest */ = {
			isa = PBXReferenceProxy;
			fileType = wrapper.cfbundle;
			path = SparkAttributeTest.octest;
			remoteRef = 78B2476116D24AA100AFFDEE /* PBXContainerItemProxy */;
			sourceTree = BUILT_PRODUCTS_DIR;
		};
/* End PBXReferenceProxy section */

/* Begin PBXResourcesBuildPhase section */
		7841617A16480C1D0089FDE9 /* Resources */ = {
			isa = PBXResourcesBuildPhase;
			buildActionMask = 2147483647;
			files = (
				7841618916480C1E0089FDE9 /* InfoPlist.strings in Resources */,
				B975790316B3FE9300AE855D /* SFXMLModelParser.plist in Resources */,
				83BEEF711744EAB50095BD53 /* DeserialisationTest.json in Resources */,
				5A1CC60A176F279300A6C154 /* TempAttributes in Resources */,
			);
			runOnlyForDeploymentPostprocessing = 0;
		};
		9FA9F4D215F636C400FDE9E0 /* Resources */ = {
			isa = PBXResourcesBuildPhase;
			buildActionMask = 2147483647;
			files = (
				9FA9F4E015F636C500FDE9E0 /* InfoPlist.strings in Resources */,
				B975790216B3FE9300AE855D /* SFXMLModelParser.plist in Resources */,
				78CBA92B16C3D41800DAC9BB /* SparkCore.xcodeproj in Resources */,
				78CBA92D16C3D41800DAC9BB /* SparkReflection.xcodeproj in Resources */,
				7810087E16D24A8600BFDB8D /* SparkAttribute.xcodeproj in Resources */,
			);
			runOnlyForDeploymentPostprocessing = 0;
		};
/* End PBXResourcesBuildPhase section */

/* Begin PBXShellScriptBuildPhase section */
		5A1CC60B176F282A00A6C154 /* ShellScript */ = {
			isa = PBXShellScriptBuildPhase;
			buildActionMask = 2147483647;
			files = (
			);
			inputPaths = (
			);
			outputPaths = (
			);
			runOnlyForDeploymentPostprocessing = 0;
			shellPath = /bin/sh;
			shellScript = "echo \"Copy resource files to bundle\"\nSRC=\"$BUILD_DIR/$CONFIGURATION$EFFECTIVE_PLATFORM_NAME/include/Spark/TempAttributes\"\nDEST=\"$BUILD_DIR/$CONFIGURATION$EFFECTIVE_PLATFORM_NAME/$FULL_PRODUCT_NAME/TempAttributes\"\n\nRESOURCE=\"$SRC/\"*.plist\nRESOURCEEXIST=(\"$SRC/\"*.plist)\n\nif [ ! -d ${DEST} ]; then\n\nmkdir ${DEST}\n\nfi\n\n[ -e ${RESOURCEEXIST[0]} ] && cp -R -v $RESOURCE \"$DEST\" || echo \"No plist files\"\necho \"$DEST\"\necho \"$RESOURCE\"\n\nRESOURCE=\"$SRC/\"*.momd\nRESOURCEEXIST=(\"$SRC/\"*.momd)\n[ -e ${RESOURCEEXIST[0]} ] && cp -R -v $RESOURCE \"$DEST\" || echo \"No momd files\"\n\n\necho \"Copy resource files to bundle\"\nSRC=\"$BUILD_DIR/$CONFIGURATION$EFFECTIVE_PLATFORM_NAME/include/Spark\"\nDEST=\"$BUILD_DIR/$CONFIGURATION$EFFECTIVE_PLATFORM_NAME/$FULL_PRODUCT_NAME\"\n\nRESOURCE=\"$SRC/\"*.plist\nRESOURCEEXIST=(\"$SRC/\"*.plist)\n[ -e ${RESOURCEEXIST[0]} ] && cp -R -v $RESOURCE \"$DEST\" || echo \"No plist files\"\necho \"$DEST\"\necho \"$RESOURCE\"\n\nRESOURCE=\"$SRC/\"*.momd\nRESOURCEEXIST=(\"$SRC/\"*.momd)\n[ -e ${RESOURCEEXIST[0]} ] && cp -R -v $RESOURCE \"$DEST\" || echo \"No momd files\"\n\n\necho \"Copy resource files to archive bundle\"\n\nSRC=\"$BUILD_DIR/../IntermediateBuildFilesPath/UninstalledProducts\"\nDEST=\"$BUILD_DIR/$CONFIGURATION$EFFECTIVE_PLATFORM_NAME/$FULL_PRODUCT_NAME\"\n\nRESOURCE=\"$SRC/\"*.plist\nRESOURCEEXIST=(\"$SRC/\"*.plist)\n[ -e ${RESOURCEEXIST[0]} ] && cp -R -v $RESOURCE \"$DEST\" || echo \"No plist files\"\n\nRESOURCE=\"$SRC/\"*.momd\nRESOURCEEXIST=(\"$SRC/\"*.momd)\n[ -e ${RESOURCEEXIST[0]} ] && cp -R -v $RESOURCE \"$DEST\" || echo \"No momd files\"";
		};
		7841617B16480C1D0089FDE9 /* ShellScript */ = {
			isa = PBXShellScriptBuildPhase;
			buildActionMask = 2147483647;
			files = (
			);
			inputPaths = (
			);
			outputPaths = (
			);
			runOnlyForDeploymentPostprocessing = 0;
			shellPath = /bin/sh;
			shellScript = "# Run the unit tests in this test bundle.\n\"${SYSTEM_DEVELOPER_DIR}/Tools/RunUnitTests\"\n";
		};
		784161A916480C7A0089FDE9 /* ShellScript */ = {
			isa = PBXShellScriptBuildPhase;
			buildActionMask = 2147483647;
			files = (
			);
			inputPaths = (
			);
			outputPaths = (
			);
			runOnlyForDeploymentPostprocessing = 0;
			shellPath = /bin/sh;
			shellScript = "\"${SRCROOT}/../../../../tools/binaries/PreprocessorAttributeParser\" -o=\"${SRCROOT}/SparkSerializationTest/Resources/TempAttributes\"";
		};
/* End PBXShellScriptBuildPhase section */

/* Begin PBXSourcesBuildPhase section */
		7841617816480C1D0089FDE9 /* Sources */ = {
			isa = PBXSourcesBuildPhase;
			buildActionMask = 2147483647;
			files = (
				784161AC16480CC40089FDE9 /* SFJSONStringHandlingTest.m in Sources */,
				784161AD16480CC70089FDE9 /* NSJSONSerialization+JSONStringHandling.m in Sources */,
				7837BB3E1648106700BA598B /* SFAttributedDecoder.m in Sources */,
				7837BB3F1648106B00BA598B /* SFAttributedCoder.m in Sources */,
				7837BB411648107600BA598B /* SFSerializable.m in Sources */,
				7837BB421648107900BA598B /* SFDerived.m in Sources */,
				78513E6D164921BF0049549A /* SFSerializationTestObject.m in Sources */,
				78513E701649220C0049549A /* SFAnnotatedCoderTest.m in Sources */,
				78DD732E164A6305009B334C /* SFSerializableCollection.m in Sources */,
				7869966416AED4C800B28760 /* SFXMLSpecificParser.m in Sources */,
				7869967516AEE3A800B28760 /* SFXMLElement.m in Sources */,
				786996B816AFF27900B28760 /* SFXMLParsingTest.m in Sources */,
				786996B916B0078700B28760 /* SFXMLParser.m in Sources */,
				B97578DD16B3DC7C00AE855D /* SFEntityElement.m in Sources */,
				B97578E116B3DC7C00AE855D /* SFPropertyElement.m in Sources */,
				B97578E516B3DC7C00AE855D /* SFRelationshipElement.m in Sources */,
				B97578E916B3DC7C00AE855D /* SFXMLEntityParser.m in Sources */,
				B97578ED16B3DC7C00AE855D /* SFXMLRelationshipParser.m in Sources */,
				B97578F116B3DC7C00AE855D /* SFXMLRelationshipPropertyParser.m in Sources */,
				B97578F516B3DC7C00AE855D /* SFXMLModelParser.m in Sources */,
				B97578FE16B3DE1B00AE855D /* SFXMLParser+ParseDelegation.m in Sources */,
				B915ADD516B5A77700EB8D01 /* SFViewElement.m in Sources */,
				83A36B3717982A1600449C0C /* SFSerializableDate.m in Sources */,
			);
			runOnlyForDeploymentPostprocessing = 0;
		};
		9F0A8AB015C299340044A782 /* Sources */ = {
			isa = PBXSourcesBuildPhase;
			buildActionMask = 2147483647;
			files = (
				78957281163808BB009D7417 /* SFAttributedCoder.m in Sources */,
				7895728816380A33009D7417 /* SFSerializable.m in Sources */,
				7895728D16380F73009D7417 /* SFAttributedDecoder.m in Sources */,
				78957292163828E1009D7417 /* SFDerived.m in Sources */,
				786535591639648E00E86841 /* NSJSONSerialization+JSONStringHandling.m in Sources */,
				78DD732C164A6305009B334C /* SFSerializableCollection.m in Sources */,
				7869966216AED4C800B28760 /* SFXMLSpecificParser.m in Sources */,
				7869967316AEE3A800B28760 /* SFXMLElement.m in Sources */,
				786996BA16B0078800B28760 /* SFXMLParser.m in Sources */,
				B97578DB16B3DC7C00AE855D /* SFEntityElement.m in Sources */,
				B97578DF16B3DC7C00AE855D /* SFPropertyElement.m in Sources */,
				B97578E316B3DC7C00AE855D /* SFRelationshipElement.m in Sources */,
				B97578E716B3DC7C00AE855D /* SFXMLEntityParser.m in Sources */,
				B97578EB16B3DC7C00AE855D /* SFXMLRelationshipParser.m in Sources */,
				B97578EF16B3DC7C00AE855D /* SFXMLRelationshipPropertyParser.m in Sources */,
				B97578F316B3DC7C00AE855D /* SFXMLModelParser.m in Sources */,
				B97578FC16B3DE1B00AE855D /* SFXMLParser+ParseDelegation.m in Sources */,
				B915ADD316B5A77700EB8D01 /* SFViewElement.m in Sources */,
				83A36B2F1798205000449C0C /* SFSerializableDate.m in Sources */,
			);
			runOnlyForDeploymentPostprocessing = 0;
		};
		9FA9F4CF15F636C400FDE9E0 /* Sources */ = {
			isa = PBXSourcesBuildPhase;
			buildActionMask = 2147483647;
			files = (
				78957282163808BB009D7417 /* SFAttributedCoder.m in Sources */,
				7895728916380A33009D7417 /* SFSerializable.m in Sources */,
				7895728E16380F73009D7417 /* SFAttributedDecoder.m in Sources */,
				78957293163828E1009D7417 /* SFDerived.m in Sources */,
				7865355A1639648E00E86841 /* NSJSONSerialization+JSONStringHandling.m in Sources */,
				78DD732D164A6305009B334C /* SFSerializableCollection.m in Sources */,
				786995ED16AEC29000B28760 /* SFXMLParser.m in Sources */,
				7869966316AED4C800B28760 /* SFXMLSpecificParser.m in Sources */,
				7869967416AEE3A800B28760 /* SFXMLElement.m in Sources */,
				B97578DC16B3DC7C00AE855D /* SFEntityElement.m in Sources */,
				B97578E016B3DC7C00AE855D /* SFPropertyElement.m in Sources */,
				B97578E416B3DC7C00AE855D /* SFRelationshipElement.m in Sources */,
				B97578E816B3DC7C00AE855D /* SFXMLEntityParser.m in Sources */,
				B97578EC16B3DC7C00AE855D /* SFXMLRelationshipParser.m in Sources */,
				B97578F016B3DC7C00AE855D /* SFXMLRelationshipPropertyParser.m in Sources */,
				B97578F416B3DC7C00AE855D /* SFXMLModelParser.m in Sources */,
				B97578FD16B3DE1B00AE855D /* SFXMLParser+ParseDelegation.m in Sources */,
				B915ADD416B5A77700EB8D01 /* SFViewElement.m in Sources */,
				83A36B3617982A1600449C0C /* SFSerializableDate.m in Sources */,
			);
			runOnlyForDeploymentPostprocessing = 0;
		};
/* End PBXSourcesBuildPhase section */

/* Begin PBXTargetDependency section */
		782B6D6116C3D4B70057DF2C /* PBXTargetDependency */ = {
			isa = PBXTargetDependency;
			name = SparkCore;
			targetProxy = 782B6D6016C3D4B70057DF2C /* PBXContainerItemProxy */;
		};
		782B6D6316C3D4B70057DF2C /* PBXTargetDependency */ = {
			isa = PBXTargetDependency;
			name = SparkReflection;
			targetProxy = 782B6D6216C3D4B70057DF2C /* PBXContainerItemProxy */;
		};
		782B6D6516C3D4BC0057DF2C /* PBXTargetDependency */ = {
			isa = PBXTargetDependency;
			name = SparkCoreMac;
			targetProxy = 782B6D6416C3D4BC0057DF2C /* PBXContainerItemProxy */;
		};
		782B6D6716C3D4BC0057DF2C /* PBXTargetDependency */ = {
			isa = PBXTargetDependency;
			name = SparkReflectionMac;
			targetProxy = 782B6D6616C3D4BC0057DF2C /* PBXContainerItemProxy */;
		};
		78B2476616D24AB600AFFDEE /* PBXTargetDependency */ = {
			isa = PBXTargetDependency;
			name = SparkAttribute;
			targetProxy = 78B2476516D24AB600AFFDEE /* PBXContainerItemProxy */;
		};
		78B2476816D24ABB00AFFDEE /* PBXTargetDependency */ = {
			isa = PBXTargetDependency;
			name = SparkAttribute;
			targetProxy = 78B2476716D24ABB00AFFDEE /* PBXContainerItemProxy */;
		};
		78B2476B16D24AC500AFFDEE /* PBXTargetDependency */ = {
			isa = PBXTargetDependency;
			name = SparkAttributeMac;
			targetProxy = 78B2476A16D24AC500AFFDEE /* PBXContainerItemProxy */;
		};
		8DFE9F9E175F10C400E7BE04 /* PBXTargetDependency */ = {
			isa = PBXTargetDependency;
			name = SparkReflection;
			targetProxy = 8DFE9F9D175F10C400E7BE04 /* PBXContainerItemProxy */;
		};
		8DFE9FA6175F10C800E7BE04 /* PBXTargetDependency */ = {
			isa = PBXTargetDependency;
			name = SparkCore;
			targetProxy = 8DFE9FA5175F10C800E7BE04 /* PBXContainerItemProxy */;
		};
/* End PBXTargetDependency section */

/* Begin PBXVariantGroup section */
		7841618716480C1E0089FDE9 /* InfoPlist.strings */ = {
			isa = PBXVariantGroup;
			children = (
				7841618816480C1E0089FDE9 /* en */,
			);
			name = InfoPlist.strings;
			sourceTree = "<group>";
		};
		9FA9F4DE15F636C500FDE9E0 /* InfoPlist.strings */ = {
			isa = PBXVariantGroup;
			children = (
				9FA9F4DF15F636C500FDE9E0 /* en */,
			);
			name = InfoPlist.strings;
			sourceTree = "<group>";
		};
/* End PBXVariantGroup section */

/* Begin XCBuildConfiguration section */
		7841618E16480C1E0089FDE9 /* Debug */ = {
			isa = XCBuildConfiguration;
			buildSettings = {
				CLANG_CXX_LANGUAGE_STANDARD = "gnu++0x";
				CLANG_CXX_LIBRARY = "libc++";
				CLANG_WARN_EMPTY_BODY = YES;
				CLANG_WARN__DUPLICATE_METHOD_MATCH = YES;
				FRAMEWORK_SEARCH_PATHS = (
					"\"$(SDKROOT)/Developer/Library/Frameworks\"",
					"\"$(DEVELOPER_LIBRARY_DIR)/Frameworks\"",
				);
				GCC_PRECOMPILE_PREFIX_HEADER = YES;
				GCC_PREFIX_HEADER = "SparkSerializationTest/SparkSerializationTest-Prefix.pch";
				INFOPLIST_FILE = "SparkSerializationTest/SparkSerializationTest-Info.plist";
				IPHONEOS_DEPLOYMENT_TARGET = 5.0;
				ONLY_ACTIVE_ARCH = NO;
				OTHER_LDFLAGS = (
					"-all_load",
					"-ObjC",
				);
				PRODUCT_NAME = SparkSerializationTest;
				WRAPPER_EXTENSION = octest;
			};
			name = Debug;
		};
		7841618F16480C1E0089FDE9 /* Release */ = {
			isa = XCBuildConfiguration;
			buildSettings = {
				CLANG_CXX_LANGUAGE_STANDARD = "gnu++0x";
				CLANG_CXX_LIBRARY = "libc++";
				CLANG_WARN_EMPTY_BODY = YES;
				CLANG_WARN__DUPLICATE_METHOD_MATCH = YES;
				FRAMEWORK_SEARCH_PATHS = (
					"\"$(SDKROOT)/Developer/Library/Frameworks\"",
					"\"$(DEVELOPER_LIBRARY_DIR)/Frameworks\"",
				);
				GCC_PRECOMPILE_PREFIX_HEADER = YES;
				GCC_PREFIX_HEADER = "SparkSerializationTest/SparkSerializationTest-Prefix.pch";
				INFOPLIST_FILE = "SparkSerializationTest/SparkSerializationTest-Info.plist";
				IPHONEOS_DEPLOYMENT_TARGET = 5.0;
				OTHER_LDFLAGS = (
					"-all_load",
					"-ObjC",
				);
				PRODUCT_NAME = SparkSerializationTest;
				WRAPPER_EXTENSION = octest;
			};
			name = Release;
		};
		7846756D15C16C21000E02DA /* Debug */ = {
			isa = XCBuildConfiguration;
			buildSettings = {
				ALWAYS_SEARCH_USER_PATHS = NO;
				ARCHS = "$(ARCHS_STANDARD_32_BIT)";
				CLANG_ENABLE_OBJC_ARC = YES;
				CLANG_WARN_CONSTANT_CONVERSION = YES;
				CLANG_WARN_ENUM_CONVERSION = YES;
				CLANG_WARN_INT_CONVERSION = YES;
				CLANG_WARN__DUPLICATE_METHOD_MATCH = YES;
				"CODE_SIGN_IDENTITY[sdk=iphoneos*]" = "iPhone Developer";
				COPY_PHASE_STRIP = NO;
				GCC_C_LANGUAGE_STANDARD = gnu99;
				GCC_DYNAMIC_NO_PIC = NO;
				GCC_OPTIMIZATION_LEVEL = 0;
				GCC_PREPROCESSOR_DEFINITIONS = (
					"DEBUG=1",
					"$(inherited)",
				);
				GCC_SYMBOLS_PRIVATE_EXTERN = NO;
				GCC_VERSION = com.apple.compilers.llvm.clang.1_0;
				GCC_WARN_ABOUT_RETURN_TYPE = YES;
				GCC_WARN_UNINITIALIZED_AUTOS = YES;
				GCC_WARN_UNUSED_VARIABLE = YES;
				IPHONEOS_DEPLOYMENT_TARGET = 5.0;
				MACOSX_DEPLOYMENT_TARGET = 10.7;
				PRIVATE_HEADERS_FOLDER_PATH = /usr/local/include;
				PUBLIC_HEADERS_FOLDER_PATH = ../usr/local/include;
				SDKROOT = iphoneos;
			};
			name = Debug;
		};
		7846756E15C16C21000E02DA /* Release */ = {
			isa = XCBuildConfiguration;
			buildSettings = {
				ALWAYS_SEARCH_USER_PATHS = NO;
				ARCHS = "$(ARCHS_STANDARD_32_BIT)";
				CLANG_ENABLE_OBJC_ARC = YES;
				CLANG_WARN_CONSTANT_CONVERSION = YES;
				CLANG_WARN_ENUM_CONVERSION = YES;
				CLANG_WARN_INT_CONVERSION = YES;
				CLANG_WARN__DUPLICATE_METHOD_MATCH = YES;
				"CODE_SIGN_IDENTITY[sdk=iphoneos*]" = "iPhone Developer";
				COPY_PHASE_STRIP = YES;
				GCC_C_LANGUAGE_STANDARD = gnu99;
				GCC_VERSION = com.apple.compilers.llvm.clang.1_0;
				GCC_WARN_ABOUT_RETURN_TYPE = YES;
				GCC_WARN_UNINITIALIZED_AUTOS = YES;
				GCC_WARN_UNUSED_VARIABLE = YES;
				IPHONEOS_DEPLOYMENT_TARGET = 5.0;
				MACOSX_DEPLOYMENT_TARGET = 10.7;
				OTHER_CFLAGS = "-DNS_BLOCK_ASSERTIONS=1";
				PRIVATE_HEADERS_FOLDER_PATH = /usr/local/include;
				PUBLIC_HEADERS_FOLDER_PATH = ../usr/local/include;
				SDKROOT = iphoneos;
				VALIDATE_PRODUCT = YES;
			};
			name = Release;
		};
		9F0A8ABC15C299340044A782 /* Debug */ = {
			isa = XCBuildConfiguration;
			buildSettings = {
				DSTROOT = /tmp/SecondSightSerialization.dst;
				GCC_PRECOMPILE_PREFIX_HEADER = YES;
				GCC_PREFIX_HEADER = "SparkSerialization/SparkSerialization-Prefix.pch";
				OTHER_LDFLAGS = "-ObjC";
				PRODUCT_NAME = SparkSerialization;
				SKIP_INSTALL = YES;
			};
			name = Debug;
		};
		9F0A8ABD15C299340044A782 /* Release */ = {
			isa = XCBuildConfiguration;
			buildSettings = {
				DSTROOT = /tmp/SecondSightSerialization.dst;
				GCC_PRECOMPILE_PREFIX_HEADER = YES;
				GCC_PREFIX_HEADER = "SparkSerialization/SparkSerialization-Prefix.pch";
				OTHER_LDFLAGS = "-ObjC";
				PRODUCT_NAME = SparkSerialization;
				SKIP_INSTALL = YES;
			};
			name = Release;
		};
		9FA9F4E515F636C500FDE9E0 /* Debug */ = {
			isa = XCBuildConfiguration;
			buildSettings = {
				ARCHS = "$(ARCHS_STANDARD_64_BIT)";
				CLANG_CXX_LANGUAGE_STANDARD = "gnu++0x";
				CLANG_WARN__DUPLICATE_METHOD_MATCH = YES;
				COMBINE_HIDPI_IMAGES = YES;
				DYLIB_COMPATIBILITY_VERSION = 1;
				DYLIB_CURRENT_VERSION = 1;
				FRAMEWORK_SEARCH_PATHS = (
					"$(inherited)",
					"\"$(SYSTEM_APPS_DIR)/Xcode.app/Contents/Developer/Library/Frameworks\"",
				);
				FRAMEWORK_VERSION = A;
				GCC_ENABLE_OBJC_EXCEPTIONS = YES;
				GCC_PRECOMPILE_PREFIX_HEADER = YES;
				GCC_PREFIX_HEADER = "SparkSerializationMac/SparkSerializationMac-Prefix.pch";
				GCC_WARN_64_TO_32_BIT_CONVERSION = YES;
				INFOPLIST_FILE = "SparkSerializationMac/SparkSerializationMac-Info.plist";
				MACOSX_DEPLOYMENT_TARGET = 10.7;
				ONLY_ACTIVE_ARCH = YES;
				OTHER_LDFLAGS = "";
				PRIVATE_HEADERS_FOLDER_PATH = "$(CONTENTS_FOLDER_PATH)/PrivateHeaders";
				PRODUCT_NAME = SparkSerialization;
				PUBLIC_HEADERS_FOLDER_PATH = "$(CONTENTS_FOLDER_PATH)/Headers";
				SDKROOT = macosx;
				WRAPPER_EXTENSION = framework;
			};
			name = Debug;
		};
		9FA9F4E615F636C500FDE9E0 /* Release */ = {
			isa = XCBuildConfiguration;
			buildSettings = {
				ARCHS = "$(ARCHS_STANDARD_64_BIT)";
				CLANG_CXX_LANGUAGE_STANDARD = "gnu++0x";
				CLANG_WARN__DUPLICATE_METHOD_MATCH = YES;
				COMBINE_HIDPI_IMAGES = YES;
				DEBUG_INFORMATION_FORMAT = "dwarf-with-dsym";
				DYLIB_COMPATIBILITY_VERSION = 1;
				DYLIB_CURRENT_VERSION = 1;
				FRAMEWORK_SEARCH_PATHS = (
					"$(inherited)",
					"\"$(SYSTEM_APPS_DIR)/Xcode.app/Contents/Developer/Library/Frameworks\"",
				);
				FRAMEWORK_VERSION = A;
				GCC_ENABLE_OBJC_EXCEPTIONS = YES;
				GCC_PRECOMPILE_PREFIX_HEADER = YES;
				GCC_PREFIX_HEADER = "SparkSerializationMac/SparkSerializationMac-Prefix.pch";
				GCC_WARN_64_TO_32_BIT_CONVERSION = YES;
				INFOPLIST_FILE = "SparkSerializationMac/SparkSerializationMac-Info.plist";
				MACOSX_DEPLOYMENT_TARGET = 10.7;
				OTHER_LDFLAGS = "";
				PRIVATE_HEADERS_FOLDER_PATH = "$(CONTENTS_FOLDER_PATH)/PrivateHeaders";
				PRODUCT_NAME = SparkSerialization;
				PUBLIC_HEADERS_FOLDER_PATH = "$(CONTENTS_FOLDER_PATH)/Headers";
				SDKROOT = macosx;
				WRAPPER_EXTENSION = framework;
			};
			name = Release;
		};
/* End XCBuildConfiguration section */

/* Begin XCConfigurationList section */
		7841619616480C1E0089FDE9 /* Build configuration list for PBXNativeTarget "SparkSerializationTest" */ = {
			isa = XCConfigurationList;
			buildConfigurations = (
				7841618E16480C1E0089FDE9 /* Debug */,
				7841618F16480C1E0089FDE9 /* Release */,
			);
			defaultConfigurationIsVisible = 0;
			defaultConfigurationName = Release;
		};
		7846755115C16C20000E02DA /* Build configuration list for PBXProject "SparkSerialization" */ = {
			isa = XCConfigurationList;
			buildConfigurations = (
				7846756D15C16C21000E02DA /* Debug */,
				7846756E15C16C21000E02DA /* Release */,
			);
			defaultConfigurationIsVisible = 0;
			defaultConfigurationName = Release;
		};
		9F0A8ABE15C299340044A782 /* Build configuration list for PBXNativeTarget "SparkSerialization" */ = {
			isa = XCConfigurationList;
			buildConfigurations = (
				9F0A8ABC15C299340044A782 /* Debug */,
				9F0A8ABD15C299340044A782 /* Release */,
			);
			defaultConfigurationIsVisible = 0;
			defaultConfigurationName = Release;
		};
		9FA9F4E715F636C500FDE9E0 /* Build configuration list for PBXNativeTarget "SparkSerializationMac" */ = {
			isa = XCConfigurationList;
			buildConfigurations = (
				9FA9F4E515F636C500FDE9E0 /* Debug */,
				9FA9F4E615F636C500FDE9E0 /* Release */,
			);
			defaultConfigurationIsVisible = 0;
			defaultConfigurationName = Release;
		};
/* End XCConfigurationList section */
	};
	rootObject = 7846754E15C16C20000E02DA /* Project object */;
}
