// !$*UTF8*$!
{
	archiveVersion = 1;
	classes = {
	};
	objectVersion = 46;
	objects = {

/* Begin PBXBuildFile section */
		11DB4354192153B00015EDC4 /* Cocoa.framework in Frameworks */ = {isa = PBXBuildFile; fileRef = 11DB4353192153B00015EDC4 /* Cocoa.framework */; };
		11DB435E192153B00015EDC4 /* InfoPlist.strings in Resources */ = {isa = PBXBuildFile; fileRef = 11DB435C192153B00015EDC4 /* InfoPlist.strings */; };
		11DB4360192153B00015EDC4 /* main.m in Sources */ = {isa = PBXBuildFile; fileRef = 11DB435F192153B00015EDC4 /* main.m */; };
		11DB4364192153B00015EDC4 /* Credits.rtf in Resources */ = {isa = PBXBuildFile; fileRef = 11DB4362192153B00015EDC4 /* Credits.rtf */; };
		11DB4367192153B00015EDC4 /* RFAppDelegate.m in Sources */ = {isa = PBXBuildFile; fileRef = 11DB4366192153B00015EDC4 /* RFAppDelegate.m */; };
		11DB436A192153B00015EDC4 /* MainMenu.xib in Resources */ = {isa = PBXBuildFile; fileRef = 11DB4368192153B00015EDC4 /* MainMenu.xib */; };
		11DB436C192153B00015EDC4 /* Images.xcassets in Resources */ = {isa = PBXBuildFile; fileRef = 11DB436B192153B00015EDC4 /* Images.xcassets */; };
		11DB4373192153B00015EDC4 /* XCTest.framework in Frameworks */ = {isa = PBXBuildFile; fileRef = 11DB4372192153B00015EDC4 /* XCTest.framework */; };
		11DB4374192153B00015EDC4 /* Cocoa.framework in Frameworks */ = {isa = PBXBuildFile; fileRef = 11DB4353192153B00015EDC4 /* Cocoa.framework */; };
		11DB437C192153B00015EDC4 /* InfoPlist.strings in Resources */ = {isa = PBXBuildFile; fileRef = 11DB437A192153B00015EDC4 /* InfoPlist.strings */; };
		11DB437E192153B00015EDC4 /* AttributedClassGeneratorTests.m in Sources */ = {isa = PBXBuildFile; fileRef = 11DB437D192153B00015EDC4 /* AttributedClassGeneratorTests.m */; };
		11DB43CA192499290015EDC4 /* RFClassGenerator.m in Sources */ = {isa = PBXBuildFile; fileRef = 11DB43C9192499290015EDC4 /* RFClassGenerator.m */; };
/* End PBXBuildFile section */

/* Begin PBXContainerItemProxy section */
		11DB4375192153B00015EDC4 /* PBXContainerItemProxy */ = {
			isa = PBXContainerItemProxy;
			containerPortal = 11DB4348192153B00015EDC4 /* Project object */;
			proxyType = 1;
			remoteGlobalIDString = 11DB434F192153B00015EDC4;
			remoteInfo = AttributedClassGenerator;
		};
/* End PBXContainerItemProxy section */

/* Begin PBXFileReference section */
		11DB4350192153B00015EDC4 /* AttributedClassGenerator.app */ = {isa = PBXFileReference; explicitFileType = wrapper.application; includeInIndex = 0; path = AttributedClassGenerator.app; sourceTree = BUILT_PRODUCTS_DIR; };
		11DB4353192153B00015EDC4 /* Cocoa.framework */ = {isa = PBXFileReference; lastKnownFileType = wrapper.framework; name = Cocoa.framework; path = System/Library/Frameworks/Cocoa.framework; sourceTree = SDKROOT; };
		11DB4356192153B00015EDC4 /* AppKit.framework */ = {isa = PBXFileReference; lastKnownFileType = wrapper.framework; name = AppKit.framework; path = System/Library/Frameworks/AppKit.framework; sourceTree = SDKROOT; };
		11DB4357192153B00015EDC4 /* CoreData.framework */ = {isa = PBXFileReference; lastKnownFileType = wrapper.framework; name = CoreData.framework; path = System/Library/Frameworks/CoreData.framework; sourceTree = SDKROOT; };
		11DB4358192153B00015EDC4 /* Foundation.framework */ = {isa = PBXFileReference; lastKnownFileType = wrapper.framework; name = Foundation.framework; path = System/Library/Frameworks/Foundation.framework; sourceTree = SDKROOT; };
		11DB435B192153B00015EDC4 /* AttributedClassGenerator-Info.plist */ = {isa = PBXFileReference; lastKnownFileType = text.plist.xml; path = "AttributedClassGenerator-Info.plist"; sourceTree = "<group>"; };
		11DB435D192153B00015EDC4 /* en */ = {isa = PBXFileReference; lastKnownFileType = text.plist.strings; name = en; path = en.lproj/InfoPlist.strings; sourceTree = "<group>"; };
		11DB435F192153B00015EDC4 /* main.m */ = {isa = PBXFileReference; lastKnownFileType = sourcecode.c.objc; path = main.m; sourceTree = "<group>"; };
		11DB4361192153B00015EDC4 /* AttributedClassGenerator-Prefix.pch */ = {isa = PBXFileReference; lastKnownFileType = sourcecode.c.h; path = "AttributedClassGenerator-Prefix.pch"; sourceTree = "<group>"; };
		11DB4363192153B00015EDC4 /* en */ = {isa = PBXFileReference; lastKnownFileType = text.rtf; name = en; path = en.lproj/Credits.rtf; sourceTree = "<group>"; };
		11DB4365192153B00015EDC4 /* RFAppDelegate.h */ = {isa = PBXFileReference; lastKnownFileType = sourcecode.c.h; path = RFAppDelegate.h; sourceTree = "<group>"; };
		11DB4366192153B00015EDC4 /* RFAppDelegate.m */ = {isa = PBXFileReference; lastKnownFileType = sourcecode.c.objc; path = RFAppDelegate.m; sourceTree = "<group>"; };
		11DB4369192153B00015EDC4 /* Base */ = {isa = PBXFileReference; lastKnownFileType = file.xib; name = Base; path = Base.lproj/MainMenu.xib; sourceTree = "<group>"; };
		11DB436B192153B00015EDC4 /* Images.xcassets */ = {isa = PBXFileReference; lastKnownFileType = folder.assetcatalog; path = Images.xcassets; sourceTree = "<group>"; };
		11DB4371192153B00015EDC4 /* AttributedClassGeneratorTests.xctest */ = {isa = PBXFileReference; explicitFileType = wrapper.cfbundle; includeInIndex = 0; path = AttributedClassGeneratorTests.xctest; sourceTree = BUILT_PRODUCTS_DIR; };
		11DB4372192153B00015EDC4 /* XCTest.framework */ = {isa = PBXFileReference; lastKnownFileType = wrapper.framework; name = XCTest.framework; path = Library/Frameworks/XCTest.framework; sourceTree = DEVELOPER_DIR; };
		11DB4379192153B00015EDC4 /* AttributedClassGeneratorTests-Info.plist */ = {isa = PBXFileReference; lastKnownFileType = text.plist.xml; path = "AttributedClassGeneratorTests-Info.plist"; sourceTree = "<group>"; };
		11DB437B192153B00015EDC4 /* en */ = {isa = PBXFileReference; lastKnownFileType = text.plist.strings; name = en; path = en.lproj/InfoPlist.strings; sourceTree = "<group>"; };
		11DB437D192153B00015EDC4 /* AttributedClassGeneratorTests.m */ = {isa = PBXFileReference; lastKnownFileType = sourcecode.c.objc; path = AttributedClassGeneratorTests.m; sourceTree = "<group>"; };
		11DB43C8192499280015EDC4 /* RFClassGenerator.h */ = {isa = PBXFileReference; fileEncoding = 4; lastKnownFileType = sourcecode.c.h; path = RFClassGenerator.h; sourceTree = "<group>"; };
		11DB43C9192499290015EDC4 /* RFClassGenerator.m */ = {isa = PBXFileReference; fileEncoding = 4; lastKnownFileType = sourcecode.c.objc; path = RFClassGenerator.m; sourceTree = "<group>"; };
/* End PBXFileReference section */

/* Begin PBXFrameworksBuildPhase section */
		11DB434D192153B00015EDC4 /* Frameworks */ = {
			isa = PBXFrameworksBuildPhase;
			buildActionMask = 2147483647;
			files = (
				11DB4354192153B00015EDC4 /* Cocoa.framework in Frameworks */,
			);
			runOnlyForDeploymentPostprocessing = 0;
		};
		11DB436E192153B00015EDC4 /* Frameworks */ = {
			isa = PBXFrameworksBuildPhase;
			buildActionMask = 2147483647;
			files = (
				11DB4374192153B00015EDC4 /* Cocoa.framework in Frameworks */,
				11DB4373192153B00015EDC4 /* XCTest.framework in Frameworks */,
			);
			runOnlyForDeploymentPostprocessing = 0;
		};
/* End PBXFrameworksBuildPhase section */

/* Begin PBXGroup section */
		11DB4347192153B00015EDC4 = {
			isa = PBXGroup;
			children = (
				11DB4359192153B00015EDC4 /* AttributedClassGenerator */,
				11DB4377192153B00015EDC4 /* AttributedClassGeneratorTests */,
				11DB4352192153B00015EDC4 /* Frameworks */,
				11DB4351192153B00015EDC4 /* Products */,
			);
			sourceTree = "<group>";
		};
		11DB4351192153B00015EDC4 /* Products */ = {
			isa = PBXGroup;
			children = (
				11DB4350192153B00015EDC4 /* AttributedClassGenerator.app */,
				11DB4371192153B00015EDC4 /* AttributedClassGeneratorTests.xctest */,
			);
			name = Products;
			sourceTree = "<group>";
		};
		11DB4352192153B00015EDC4 /* Frameworks */ = {
			isa = PBXGroup;
			children = (
				11DB4353192153B00015EDC4 /* Cocoa.framework */,
				11DB4372192153B00015EDC4 /* XCTest.framework */,
				11DB4355192153B00015EDC4 /* Other Frameworks */,
			);
			name = Frameworks;
			sourceTree = "<group>";
		};
		11DB4355192153B00015EDC4 /* Other Frameworks */ = {
			isa = PBXGroup;
			children = (
				11DB4356192153B00015EDC4 /* AppKit.framework */,
				11DB4357192153B00015EDC4 /* CoreData.framework */,
				11DB4358192153B00015EDC4 /* Foundation.framework */,
			);
			name = "Other Frameworks";
			sourceTree = "<group>";
		};
		11DB4359192153B00015EDC4 /* AttributedClassGenerator */ = {
			isa = PBXGroup;
			children = (
				11DB4365192153B00015EDC4 /* RFAppDelegate.h */,
				11DB4366192153B00015EDC4 /* RFAppDelegate.m */,
				11DB4368192153B00015EDC4 /* MainMenu.xib */,
				11DB436B192153B00015EDC4 /* Images.xcassets */,
				11DB435A192153B00015EDC4 /* Supporting Files */,
				11DB43C8192499280015EDC4 /* RFClassGenerator.h */,
				11DB43C9192499290015EDC4 /* RFClassGenerator.m */,
			);
			path = AttributedClassGenerator;
			sourceTree = "<group>";
		};
		11DB435A192153B00015EDC4 /* Supporting Files */ = {
			isa = PBXGroup;
			children = (
				11DB435B192153B00015EDC4 /* AttributedClassGenerator-Info.plist */,
				11DB435C192153B00015EDC4 /* InfoPlist.strings */,
				11DB435F192153B00015EDC4 /* main.m */,
				11DB4361192153B00015EDC4 /* AttributedClassGenerator-Prefix.pch */,
				11DB4362192153B00015EDC4 /* Credits.rtf */,
			);
			name = "Supporting Files";
			sourceTree = "<group>";
		};
		11DB4377192153B00015EDC4 /* AttributedClassGeneratorTests */ = {
			isa = PBXGroup;
			children = (
				11DB437D192153B00015EDC4 /* AttributedClassGeneratorTests.m */,
				11DB4378192153B00015EDC4 /* Supporting Files */,
			);
			path = AttributedClassGeneratorTests;
			sourceTree = "<group>";
		};
		11DB4378192153B00015EDC4 /* Supporting Files */ = {
			isa = PBXGroup;
			children = (
				11DB4379192153B00015EDC4 /* AttributedClassGeneratorTests-Info.plist */,
				11DB437A192153B00015EDC4 /* InfoPlist.strings */,
			);
			name = "Supporting Files";
			sourceTree = "<group>";
		};
/* End PBXGroup section */

/* Begin PBXNativeTarget section */
		11DB434F192153B00015EDC4 /* AttributedClassGenerator */ = {
			isa = PBXNativeTarget;
			buildConfigurationList = 11DB4381192153B00015EDC4 /* Build configuration list for PBXNativeTarget "AttributedClassGenerator" */;
			buildPhases = (
				11DB434C192153B00015EDC4 /* Sources */,
				11DB434D192153B00015EDC4 /* Frameworks */,
				11DB434E192153B00015EDC4 /* Resources */,
			);
			buildRules = (
			);
			dependencies = (
			);
			name = AttributedClassGenerator;
			productName = AttributedClassGenerator;
			productReference = 11DB4350192153B00015EDC4 /* AttributedClassGenerator.app */;
			productType = "com.apple.product-type.application";
		};
		11DB4370192153B00015EDC4 /* AttributedClassGeneratorTests */ = {
			isa = PBXNativeTarget;
			buildConfigurationList = 11DB4384192153B00015EDC4 /* Build configuration list for PBXNativeTarget "AttributedClassGeneratorTests" */;
			buildPhases = (
				11DB436D192153B00015EDC4 /* Sources */,
				11DB436E192153B00015EDC4 /* Frameworks */,
				11DB436F192153B00015EDC4 /* Resources */,
			);
			buildRules = (
			);
			dependencies = (
				11DB4376192153B00015EDC4 /* PBXTargetDependency */,
			);
			name = AttributedClassGeneratorTests;
			productName = AttributedClassGeneratorTests;
			productReference = 11DB4371192153B00015EDC4 /* AttributedClassGeneratorTests.xctest */;
			productType = "com.apple.product-type.bundle.unit-test";
		};
/* End PBXNativeTarget section */

/* Begin PBXProject section */
		11DB4348192153B00015EDC4 /* Project object */ = {
			isa = PBXProject;
			attributes = {
				CLASSPREFIX = RF;
				LastUpgradeCheck = 0510;
				ORGANIZATIONNAME = "Yuru Taustahuzau";
				TargetAttributes = {
					11DB4370192153B00015EDC4 = {
						TestTargetID = 11DB434F192153B00015EDC4;
					};
				};
			};
			buildConfigurationList = 11DB434B192153B00015EDC4 /* Build configuration list for PBXProject "AttributedClassGenerator" */;
			compatibilityVersion = "Xcode 3.2";
			developmentRegion = English;
			hasScannedForEncodings = 0;
			knownRegions = (
				en,
				Base,
			);
			mainGroup = 11DB4347192153B00015EDC4;
			productRefGroup = 11DB4351192153B00015EDC4 /* Products */;
			projectDirPath = "";
			projectRoot = "";
			targets = (
				11DB434F192153B00015EDC4 /* AttributedClassGenerator */,
				11DB4370192153B00015EDC4 /* AttributedClassGeneratorTests */,
			);
		};
/* End PBXProject section */

/* Begin PBXResourcesBuildPhase section */
		11DB434E192153B00015EDC4 /* Resources */ = {
			isa = PBXResourcesBuildPhase;
			buildActionMask = 2147483647;
			files = (
				11DB435E192153B00015EDC4 /* InfoPlist.strings in Resources */,
				11DB436C192153B00015EDC4 /* Images.xcassets in Resources */,
				11DB4364192153B00015EDC4 /* Credits.rtf in Resources */,
				11DB436A192153B00015EDC4 /* MainMenu.xib in Resources */,
			);
			runOnlyForDeploymentPostprocessing = 0;
		};
		11DB436F192153B00015EDC4 /* Resources */ = {
			isa = PBXResourcesBuildPhase;
			buildActionMask = 2147483647;
			files = (
				11DB437C192153B00015EDC4 /* InfoPlist.strings in Resources */,
			);
			runOnlyForDeploymentPostprocessing = 0;
		};
/* End PBXResourcesBuildPhase section */

/* Begin PBXSourcesBuildPhase section */
		11DB434C192153B00015EDC4 /* Sources */ = {
			isa = PBXSourcesBuildPhase;
			buildActionMask = 2147483647;
			files = (
				11DB4367192153B00015EDC4 /* RFAppDelegate.m in Sources */,
				11DB43CA192499290015EDC4 /* RFClassGenerator.m in Sources */,
				11DB4360192153B00015EDC4 /* main.m in Sources */,
			);
			runOnlyForDeploymentPostprocessing = 0;
		};
		11DB436D192153B00015EDC4 /* Sources */ = {
			isa = PBXSourcesBuildPhase;
			buildActionMask = 2147483647;
			files = (
				11DB437E192153B00015EDC4 /* AttributedClassGeneratorTests.m in Sources */,
			);
			runOnlyForDeploymentPostprocessing = 0;
		};
/* End PBXSourcesBuildPhase section */

/* Begin PBXTargetDependency section */
		11DB4376192153B00015EDC4 /* PBXTargetDependency */ = {
			isa = PBXTargetDependency;
			target = 11DB434F192153B00015EDC4 /* AttributedClassGenerator */;
			targetProxy = 11DB4375192153B00015EDC4 /* PBXContainerItemProxy */;
		};
/* End PBXTargetDependency section */

/* Begin PBXVariantGroup section */
		11DB435C192153B00015EDC4 /* InfoPlist.strings */ = {
			isa = PBXVariantGroup;
			children = (
				11DB435D192153B00015EDC4 /* en */,
			);
			name = InfoPlist.strings;
			sourceTree = "<group>";
		};
		11DB4362192153B00015EDC4 /* Credits.rtf */ = {
			isa = PBXVariantGroup;
			children = (
				11DB4363192153B00015EDC4 /* en */,
			);
			name = Credits.rtf;
			sourceTree = "<group>";
		};
		11DB4368192153B00015EDC4 /* MainMenu.xib */ = {
			isa = PBXVariantGroup;
			children = (
				11DB4369192153B00015EDC4 /* Base */,
			);
			name = MainMenu.xib;
			sourceTree = "<group>";
		};
		11DB437A192153B00015EDC4 /* InfoPlist.strings */ = {
			isa = PBXVariantGroup;
			children = (
				11DB437B192153B00015EDC4 /* en */,
			);
			name = InfoPlist.strings;
			sourceTree = "<group>";
		};
/* End PBXVariantGroup section */

/* Begin XCBuildConfiguration section */
		11DB437F192153B00015EDC4 /* Debug */ = {
			isa = XCBuildConfiguration;
			buildSettings = {
				ALWAYS_SEARCH_USER_PATHS = NO;
				CLANG_CXX_LANGUAGE_STANDARD = "gnu++0x";
				CLANG_CXX_LIBRARY = "libc++";
				CLANG_ENABLE_MODULES = YES;
				CLANG_ENABLE_OBJC_ARC = YES;
				CLANG_WARN_BOOL_CONVERSION = YES;
				CLANG_WARN_CONSTANT_CONVERSION = YES;
				CLANG_WARN_DIRECT_OBJC_ISA_USAGE = YES_ERROR;
				CLANG_WARN_EMPTY_BODY = YES;
				CLANG_WARN_ENUM_CONVERSION = YES;
				CLANG_WARN_INT_CONVERSION = YES;
				CLANG_WARN_OBJC_ROOT_CLASS = YES_ERROR;
				CLANG_WARN__DUPLICATE_METHOD_MATCH = YES;
				COPY_PHASE_STRIP = NO;
				GCC_C_LANGUAGE_STANDARD = gnu99;
				GCC_DYNAMIC_NO_PIC = NO;
				GCC_ENABLE_OBJC_EXCEPTIONS = YES;
				GCC_OPTIMIZATION_LEVEL = 0;
				GCC_PREPROCESSOR_DEFINITIONS = (
					"DEBUG=1",
					"$(inherited)",
				);
				GCC_SYMBOLS_PRIVATE_EXTERN = NO;
				GCC_WARN_64_TO_32_BIT_CONVERSION = YES;
				GCC_WARN_ABOUT_RETURN_TYPE = YES_ERROR;
				GCC_WARN_UNDECLARED_SELECTOR = YES;
				GCC_WARN_UNINITIALIZED_AUTOS = YES_AGGRESSIVE;
				GCC_WARN_UNUSED_FUNCTION = YES;
				GCC_WARN_UNUSED_VARIABLE = YES;
				MACOSX_DEPLOYMENT_TARGET = 10.9;
				ONLY_ACTIVE_ARCH = YES;
				SDKROOT = macosx;
			};
			name = Debug;
		};
		11DB4380192153B00015EDC4 /* Release */ = {
			isa = XCBuildConfiguration;
			buildSettings = {
				ALWAYS_SEARCH_USER_PATHS = NO;
				CLANG_CXX_LANGUAGE_STANDARD = "gnu++0x";
				CLANG_CXX_LIBRARY = "libc++";
				CLANG_ENABLE_MODULES = YES;
				CLANG_ENABLE_OBJC_ARC = YES;
				CLANG_WARN_BOOL_CONVERSION = YES;
				CLANG_WARN_CONSTANT_CONVERSION = YES;
				CLANG_WARN_DIRECT_OBJC_ISA_USAGE = YES_ERROR;
				CLANG_WARN_EMPTY_BODY = YES;
				CLANG_WARN_ENUM_CONVERSION = YES;
				CLANG_WARN_INT_CONVERSION = YES;
				CLANG_WARN_OBJC_ROOT_CLASS = YES_ERROR;
				CLANG_WARN__DUPLICATE_METHOD_MATCH = YES;
				COPY_PHASE_STRIP = YES;
				DEBUG_INFORMATION_FORMAT = "dwarf-with-dsym";
				ENABLE_NS_ASSERTIONS = NO;
				GCC_C_LANGUAGE_STANDARD = gnu99;
				GCC_ENABLE_OBJC_EXCEPTIONS = YES;
				GCC_WARN_64_TO_32_BIT_CONVERSION = YES;
				GCC_WARN_ABOUT_RETURN_TYPE = YES_ERROR;
				GCC_WARN_UNDECLARED_SELECTOR = YES;
				GCC_WARN_UNINITIALIZED_AUTOS = YES_AGGRESSIVE;
				GCC_WARN_UNUSED_FUNCTION = YES;
				GCC_WARN_UNUSED_VARIABLE = YES;
				MACOSX_DEPLOYMENT_TARGET = 10.9;
				SDKROOT = macosx;
			};
			name = Release;
		};
		11DB4382192153B00015EDC4 /* Debug */ = {
			isa = XCBuildConfiguration;
			buildSettings = {
				ASSETCATALOG_COMPILER_APPICON_NAME = AppIcon;
				COMBINE_HIDPI_IMAGES = YES;
				GCC_PRECOMPILE_PREFIX_HEADER = YES;
				GCC_PREFIX_HEADER = "AttributedClassGenerator/AttributedClassGenerator-Prefix.pch";
				INFOPLIST_FILE = "AttributedClassGenerator/AttributedClassGenerator-Info.plist";
				PRODUCT_NAME = "$(TARGET_NAME)";
				WRAPPER_EXTENSION = app;
			};
			name = Debug;
		};
		11DB4383192153B00015EDC4 /* Release */ = {
			isa = XCBuildConfiguration;
			buildSettings = {
				ASSETCATALOG_COMPILER_APPICON_NAME = AppIcon;
				COMBINE_HIDPI_IMAGES = YES;
				GCC_PRECOMPILE_PREFIX_HEADER = YES;
				GCC_PREFIX_HEADER = "AttributedClassGenerator/AttributedClassGenerator-Prefix.pch";
				INFOPLIST_FILE = "AttributedClassGenerator/AttributedClassGenerator-Info.plist";
				PRODUCT_NAME = "$(TARGET_NAME)";
				WRAPPER_EXTENSION = app;
			};
			name = Release;
		};
		11DB4385192153B00015EDC4 /* Debug */ = {
			isa = XCBuildConfiguration;
			buildSettings = {
				BUNDLE_LOADER = "$(BUILT_PRODUCTS_DIR)/AttributedClassGenerator.app/Contents/MacOS/AttributedClassGenerator";
				COMBINE_HIDPI_IMAGES = YES;
				FRAMEWORK_SEARCH_PATHS = (
					"$(DEVELOPER_FRAMEWORKS_DIR)",
					"$(inherited)",
				);
				GCC_PRECOMPILE_PREFIX_HEADER = YES;
				GCC_PREFIX_HEADER = "AttributedClassGenerator/AttributedClassGenerator-Prefix.pch";
				GCC_PREPROCESSOR_DEFINITIONS = (
					"DEBUG=1",
					"$(inherited)",
				);
				INFOPLIST_FILE = "AttributedClassGeneratorTests/AttributedClassGeneratorTests-Info.plist";
				PRODUCT_NAME = "$(TARGET_NAME)";
				TEST_HOST = "$(BUNDLE_LOADER)";
				WRAPPER_EXTENSION = xctest;
			};
			name = Debug;
		};
		11DB4386192153B00015EDC4 /* Release */ = {
			isa = XCBuildConfiguration;
			buildSettings = {
				BUNDLE_LOADER = "$(BUILT_PRODUCTS_DIR)/AttributedClassGenerator.app/Contents/MacOS/AttributedClassGenerator";
				COMBINE_HIDPI_IMAGES = YES;
				FRAMEWORK_SEARCH_PATHS = (
					"$(DEVELOPER_FRAMEWORKS_DIR)",
					"$(inherited)",
				);
				GCC_PRECOMPILE_PREFIX_HEADER = YES;
				GCC_PREFIX_HEADER = "AttributedClassGenerator/AttributedClassGenerator-Prefix.pch";
				INFOPLIST_FILE = "AttributedClassGeneratorTests/AttributedClassGeneratorTests-Info.plist";
				PRODUCT_NAME = "$(TARGET_NAME)";
				TEST_HOST = "$(BUNDLE_LOADER)";
				WRAPPER_EXTENSION = xctest;
			};
			name = Release;
		};
/* End XCBuildConfiguration section */

/* Begin XCConfigurationList section */
		11DB434B192153B00015EDC4 /* Build configuration list for PBXProject "AttributedClassGenerator" */ = {
			isa = XCConfigurationList;
			buildConfigurations = (
				11DB437F192153B00015EDC4 /* Debug */,
				11DB4380192153B00015EDC4 /* Release */,
			);
			defaultConfigurationIsVisible = 0;
			defaultConfigurationName = Release;
		};
		11DB4381192153B00015EDC4 /* Build configuration list for PBXNativeTarget "AttributedClassGenerator" */ = {
			isa = XCConfigurationList;
			buildConfigurations = (
				11DB4382192153B00015EDC4 /* Debug */,
				11DB4383192153B00015EDC4 /* Release */,
			);
			defaultConfigurationIsVisible = 0;
			defaultConfigurationName = Release;
		};
		11DB4384192153B00015EDC4 /* Build configuration list for PBXNativeTarget "AttributedClassGeneratorTests" */ = {
			isa = XCConfigurationList;
			buildConfigurations = (
				11DB4385192153B00015EDC4 /* Debug */,
				11DB4386192153B00015EDC4 /* Release */,
			);
			defaultConfigurationIsVisible = 0;
			defaultConfigurationName = Release;
		};
/* End XCConfigurationList section */
	};
	rootObject = 11DB4348192153B00015EDC4 /* Project object */;
}
